// !$*UTF8*$!
{
	archiveVersion = 1;
	classes = {
	};
	objectVersion = 45;
	objects = {

/* Begin PBXBuildFile section */
		630F6C152DB6239700185B2A /* dpcd.cpp in Sources */ = {isa = PBXBuildFile; fileRef = 6330A9D127C14E2C009D9063 /* dpcd.cpp */; };
		630F6C2E2DB6241C00185B2A /* main.cpp in Sources */ = {isa = PBXBuildFile; fileRef = 630F6C2D2DB6241C00185B2A /* main.cpp */; };
		630F6C2F2DB62A5500185B2A /* displayport.cpp in Sources */ = {isa = PBXBuildFile; fileRef = 63576DC62837941700FF5764 /* displayport.cpp */; };
		630F6C302DB62C1A00185B2A /* oui.cpp in Sources */ = {isa = PBXBuildFile; fileRef = 6330A9CE27C14BEB009D9063 /* oui.cpp */; };
		630F6C312DB62C4F00185B2A /* printf.cpp in Sources */ = {isa = PBXBuildFile; fileRef = 6330A9D427C1529F009D9063 /* printf.cpp */; };
		6311E70928630614007B8263 /* iogdiagnose.cpp in Sources */ = {isa = PBXBuildFile; fileRef = 6311E70328630614007B8263 /* iogdiagnose.cpp */; };
		6311E70A28630614007B8263 /* IOGDiagnoseUtils.cpp in Sources */ = {isa = PBXBuildFile; fileRef = 6311E70528630614007B8263 /* IOGDiagnoseUtils.cpp */; };
		63232C7429BAAF7A0048993D /* AppleMisc.cpp in Sources */ = {isa = PBXBuildFile; fileRef = 63232C7329BAAF7A0048993D /* AppleMisc.cpp */; };
		63274259284C64DC0037716C /* AGDCDiagnose.cpp in Sources */ = {isa = PBXBuildFile; fileRef = 63274258284C64DB0037716C /* AGDCDiagnose.cpp */; };
		6327426E284F123C0037716C /* CoreFoundation.framework in Frameworks */ = {isa = PBXBuildFile; fileRef = 6327426C284F12230037716C /* CoreFoundation.framework */; };
		63274271284F126F0037716C /* IOKit.framework in Frameworks */ = {isa = PBXBuildFile; fileRef = 63274270284F125C0037716C /* IOKit.framework */; };
		63274273284F129B0037716C /* CoreDisplay.framework in Frameworks */ = {isa = PBXBuildFile; fileRef = 63274272284F12950037716C /* CoreDisplay.framework */; settings = {ATTRIBUTES = (Weak, ); }; };
		63274275284F14550037716C /* DisplayServices.framework in Frameworks */ = {isa = PBXBuildFile; fileRef = 63274274284F14540037716C /* DisplayServices.framework */; };
		63274277284F14650037716C /* SkyLight.framework in Frameworks */ = {isa = PBXBuildFile; fileRef = 63274276284F14650037716C /* SkyLight.framework */; settings = {ATTRIBUTES = (Weak, ); }; };
		6327427F284F16530037716C /* ApplicationServices.framework in Frameworks */ = {isa = PBXBuildFile; fileRef = 6327427E284F16320037716C /* ApplicationServices.framework */; };
		6330A9CF27C14BEB009D9063 /* oui.cpp in Sources */ = {isa = PBXBuildFile; fileRef = 6330A9CE27C14BEB009D9063 /* oui.cpp */; };
		6330A9D227C14E2C009D9063 /* dpcd.cpp in Sources */ = {isa = PBXBuildFile; fileRef = 6330A9D127C14E2C009D9063 /* dpcd.cpp */; };
		6330A9D527C1529F009D9063 /* printf.cpp in Sources */ = {isa = PBXBuildFile; fileRef = 6330A9D427C1529F009D9063 /* printf.cpp */; };
		6330A9DA27C15F7A009D9063 /* utilities.cpp in Sources */ = {isa = PBXBuildFile; fileRef = 6330A9D927C15F7A009D9063 /* utilities.cpp */; };
		63400FBF2852BDD3000C1A01 /* iogdiagnose.cpp in Sources */ = {isa = PBXBuildFile; fileRef = 63400FBE2852BDB1000C1A01 /* iogdiagnose.cpp */; };
		63400FC02852BDE8000C1A01 /* IOGDiagnoseUtils.cpp in Sources */ = {isa = PBXBuildFile; fileRef = 63400FBA2852BDB1000C1A01 /* IOGDiagnoseUtils.cpp */; };
		63400FCB2852CB15000C1A01 /* vcp.cpp in Sources */ = {isa = PBXBuildFile; fileRef = 63400FCA2852CB15000C1A01 /* vcp.cpp */; };
		63576DC72837941700FF5764 /* displayport.cpp in Sources */ = {isa = PBXBuildFile; fileRef = 63576DC62837941700FF5764 /* displayport.cpp */; };
		636A38A429D4249B004899C9 /* CoreServices.framework in Frameworks */ = {isa = PBXBuildFile; fileRef = 636A38A329D4249B004899C9 /* CoreServices.framework */; };
		637AD5F42804621700F86799 /* main.cpp in Sources */ = {isa = PBXBuildFile; fileRef = 637AD5F32804621700F86799 /* main.cpp */; };
		6391AC3F29CD63900074E11D /* iogdiagnose.cpp in Sources */ = {isa = PBXBuildFile; fileRef = 6391AC3829CD63900074E11D /* iogdiagnose.cpp */; };
		6391AC4029CD63900074E11D /* IOGDiagnoseUtils.cpp in Sources */ = {isa = PBXBuildFile; fileRef = 6391AC3A29CD63900074E11D /* IOGDiagnoseUtils.cpp */; };
		639C00362A2DCC940058A436 /* CoreGraphics.framework in Frameworks */ = {isa = PBXBuildFile; fileRef = 6327426D284F12230037716C /* CoreGraphics.framework */; settings = {ATTRIBUTES = (Weak, ); }; };
		63A1AC90283641AE00A17E9D /* iofbdebuguser.cpp in Sources */ = {isa = PBXBuildFile; fileRef = 63A1AC8E283641AE00A17E9D /* iofbdebuguser.cpp */; };
		63DBC67E29CE627F00414F2B /* iogdiagnose.cpp in Sources */ = {isa = PBXBuildFile; fileRef = 63DBC67D29CE627E00414F2B /* iogdiagnose.cpp */; };
/* End PBXBuildFile section */

/* Begin PBXFileReference section */
		630F6C2C2DB6239700185B2A /* dumpdpcd */ = {isa = PBXFileReference; explicitFileType = "compiled.mach-o.executable"; includeInIndex = 0; path = dumpdpcd; sourceTree = BUILT_PRODUCTS_DIR; };
		630F6C2D2DB6241C00185B2A /* main.cpp */ = {isa = PBXFileReference; fileEncoding = 4; lastKnownFileType = sourcecode.cpp.cpp; path = main.cpp; sourceTree = "<group>"; };
		6311E6F128586BE0007B8263 /* pexpert.h */ = {isa = PBXFileReference; lastKnownFileType = sourcecode.c.h; path = pexpert.h; sourceTree = "<group>"; };
		6311E70128630614007B8263 /* GTraceTypes.h */ = {isa = PBXFileReference; fileEncoding = 4; lastKnownFileType = sourcecode.c.h; path = GTraceTypes.h; sourceTree = "<group>"; };
		6311E70328630614007B8263 /* iogdiagnose.cpp */ = {isa = PBXFileReference; fileEncoding = 4; lastKnownFileType = sourcecode.cpp.cpp; path = iogdiagnose.cpp; sourceTree = "<group>"; };
		6311E70528630614007B8263 /* IOGDiagnoseUtils.cpp */ = {isa = PBXFileReference; fileEncoding = 4; lastKnownFileType = sourcecode.cpp.cpp; path = IOGDiagnoseUtils.cpp; sourceTree = "<group>"; };
		6311E70628630614007B8263 /* IOGDiagnoseUtils.h */ = {isa = PBXFileReference; fileEncoding = 4; lastKnownFileType = sourcecode.c.h; path = IOGDiagnoseUtils.h; sourceTree = "<group>"; };
		6311E70B2863F90A007B8263 /* drm_hdcp.h */ = {isa = PBXFileReference; lastKnownFileType = sourcecode.c.h; path = drm_hdcp.h; sourceTree = "<group>"; };
		6311E70C2863F90A007B8263 /* drm_dp.h */ = {isa = PBXFileReference; lastKnownFileType = sourcecode.c.h; path = drm_dp.h; sourceTree = "<group>"; };
		63232C7329BAAF7A0048993D /* AppleMisc.cpp */ = {isa = PBXFileReference; lastKnownFileType = sourcecode.cpp.cpp; path = AppleMisc.cpp; sourceTree = "<group>"; };
		63274257284C64DB0037716C /* AGDCDiagnose.h */ = {isa = PBXFileReference; lastKnownFileType = sourcecode.c.h; path = AGDCDiagnose.h; sourceTree = "<group>"; };
		63274258284C64DB0037716C /* AGDCDiagnose.cpp */ = {isa = PBXFileReference; lastKnownFileType = sourcecode.cpp.cpp; path = AGDCDiagnose.cpp; sourceTree = "<group>"; };
		6327425F284E642B0037716C /* kdebug_kernel.h */ = {isa = PBXFileReference; lastKnownFileType = sourcecode.c.h; path = kdebug_kernel.h; sourceTree = "<group>"; };
		63274264284E70200037716C /* kdebug.h */ = {isa = PBXFileReference; lastKnownFileType = sourcecode.c.h; path = kdebug.h; sourceTree = "<group>"; };
		63274265284E71880037716C /* kdebug_private.h */ = {isa = PBXFileReference; lastKnownFileType = sourcecode.c.h; path = kdebug_private.h; sourceTree = "<group>"; };
		6327426C284F12230037716C /* CoreFoundation.framework */ = {isa = PBXFileReference; lastKnownFileType = wrapper.framework; path = CoreFoundation.framework; sourceTree = "<group>"; };
		6327426D284F12230037716C /* CoreGraphics.framework */ = {isa = PBXFileReference; lastKnownFileType = wrapper.framework; name = CoreGraphics.framework; path = ApplicationServices.framework/Versions/A/Frameworks/CoreGraphics.framework; sourceTree = "<group>"; };
		63274270284F125C0037716C /* IOKit.framework */ = {isa = PBXFileReference; lastKnownFileType = wrapper.framework; path = IOKit.framework; sourceTree = "<group>"; };
		63274272284F12950037716C /* CoreDisplay.framework */ = {isa = PBXFileReference; lastKnownFileType = wrapper.framework; path = CoreDisplay.framework; sourceTree = "<group>"; };
		63274274284F14540037716C /* DisplayServices.framework */ = {isa = PBXFileReference; lastKnownFileType = wrapper.framework; path = DisplayServices.framework; sourceTree = "<group>"; };
		63274276284F14650037716C /* SkyLight.framework */ = {isa = PBXFileReference; lastKnownFileType = wrapper.framework; path = SkyLight.framework; sourceTree = "<group>"; };
		6327427E284F16320037716C /* ApplicationServices.framework */ = {isa = PBXFileReference; lastKnownFileType = wrapper.framework; path = ApplicationServices.framework; sourceTree = "<group>"; };
		63295FFC2782F26C00E55E0D /* AllRez */ = {isa = PBXFileReference; explicitFileType = "compiled.mach-o.executable"; includeInIndex = 0; path = AllRez; sourceTree = BUILT_PRODUCTS_DIR; };
		6330A9CD27C14BEB009D9063 /* oui.h */ = {isa = PBXFileReference; lastKnownFileType = sourcecode.c.h; path = oui.h; sourceTree = "<group>"; };
		6330A9CE27C14BEB009D9063 /* oui.cpp */ = {isa = PBXFileReference; lastKnownFileType = sourcecode.cpp.cpp; path = oui.cpp; sourceTree = "<group>"; };
		6330A9D027C14E2B009D9063 /* dpcd.h */ = {isa = PBXFileReference; lastKnownFileType = sourcecode.c.h; path = dpcd.h; sourceTree = "<group>"; };
		6330A9D127C14E2C009D9063 /* dpcd.cpp */ = {isa = PBXFileReference; lastKnownFileType = sourcecode.cpp.cpp; path = dpcd.cpp; sourceTree = "<group>"; };
		6330A9D327C15244009D9063 /* printf.h */ = {isa = PBXFileReference; lastKnownFileType = sourcecode.c.h; path = printf.h; sourceTree = "<group>"; };
		6330A9D427C1529F009D9063 /* printf.cpp */ = {isa = PBXFileReference; lastKnownFileType = sourcecode.cpp.cpp; path = printf.cpp; sourceTree = "<group>"; };
		6330A9D827C15F79009D9063 /* utilities.h */ = {isa = PBXFileReference; lastKnownFileType = sourcecode.c.h; path = utilities.h; sourceTree = "<group>"; };
		6330A9D927C15F7A009D9063 /* utilities.cpp */ = {isa = PBXFileReference; lastKnownFileType = sourcecode.cpp.cpp; path = utilities.cpp; sourceTree = "<group>"; };
		633856442848265100362C07 /* IOMacOSTypes.h */ = {isa = PBXFileReference; lastKnownFileType = sourcecode.c.h; path = IOMacOSTypes.h; sourceTree = "<group>"; };
		633856452848265100362C07 /* IONDRVLibraries.h */ = {isa = PBXFileReference; lastKnownFileType = sourcecode.c.h; path = IONDRVLibraries.h; sourceTree = "<group>"; };
		633856462848265100362C07 /* IONDRVFramebuffer.h */ = {isa = PBXFileReference; lastKnownFileType = sourcecode.c.h; path = IONDRVFramebuffer.h; sourceTree = "<group>"; };
		633856472848265100362C07 /* IOMacOSVideo.h */ = {isa = PBXFileReference; lastKnownFileType = sourcecode.c.h; path = IOMacOSVideo.h; sourceTree = "<group>"; };
		633856482848265100362C07 /* IONDRVSupport.h */ = {isa = PBXFileReference; lastKnownFileType = sourcecode.c.h; path = IONDRVSupport.h; sourceTree = "<group>"; };
		6338564C2848271F00362C07 /* IOGraphicsDevice.h */ = {isa = PBXFileReference; lastKnownFileType = sourcecode.c.h; path = IOGraphicsDevice.h; sourceTree = "<group>"; };
		63400FB22852BDB1000C1A01 /* IOGraphicsDiagnose.h */ = {isa = PBXFileReference; lastKnownFileType = sourcecode.c.h; path = IOGraphicsDiagnose.h; sourceTree = "<group>"; };
		63400FB32852BDB1000C1A01 /* IOGraphicsKTrace.h */ = {isa = PBXFileReference; lastKnownFileType = sourcecode.c.h; path = IOGraphicsKTrace.h; sourceTree = "<group>"; };
		63400FB62852BDB1000C1A01 /* GTraceTypes.hpp */ = {isa = PBXFileReference; lastKnownFileType = sourcecode.cpp.h; path = GTraceTypes.hpp; sourceTree = "<group>"; };
		63400FB72852BDB1000C1A01 /* IOGraphicsTypesPrivate.h */ = {isa = PBXFileReference; lastKnownFileType = sourcecode.c.h; path = IOGraphicsTypesPrivate.h; sourceTree = "<group>"; };
		63400FBA2852BDB1000C1A01 /* IOGDiagnoseUtils.cpp */ = {isa = PBXFileReference; lastKnownFileType = sourcecode.cpp.cpp; path = IOGDiagnoseUtils.cpp; sourceTree = "<group>"; };
		63400FBB2852BDB1000C1A01 /* IOGDiagnoseUtils.hpp */ = {isa = PBXFileReference; lastKnownFileType = sourcecode.cpp.h; path = IOGDiagnoseUtils.hpp; sourceTree = "<group>"; };
		63400FBC2852BDB1000C1A01 /* iokit.h */ = {isa = PBXFileReference; lastKnownFileType = text; path = iokit.h; sourceTree = "<group>"; };
		63400FBE2852BDB1000C1A01 /* iogdiagnose.cpp */ = {isa = PBXFileReference; lastKnownFileType = sourcecode.cpp.cpp; path = iogdiagnose.cpp; sourceTree = "<group>"; };
		63400FC82852C8E4000C1A01 /* kdebug_kernel.h */ = {isa = PBXFileReference; lastKnownFileType = sourcecode.c.h; path = kdebug_kernel.h; sourceTree = "<group>"; };
		63400FC92852C8E4000C1A01 /* kdebug_private.h */ = {isa = PBXFileReference; lastKnownFileType = sourcecode.c.h; path = kdebug_private.h; sourceTree = "<group>"; };
		63400FCA2852CB15000C1A01 /* vcp.cpp */ = {isa = PBXFileReference; fileEncoding = 4; lastKnownFileType = sourcecode.cpp.cpp; path = vcp.cpp; sourceTree = "<group>"; };
		6340D0BD27994D5200A27077 /* vcpcodes.h */ = {isa = PBXFileReference; lastKnownFileType = sourcecode.c.h; path = vcpcodes.h; sourceTree = "<group>"; };
		6340D0BE27994D5300A27077 /* ddccicommands.h */ = {isa = PBXFileReference; lastKnownFileType = sourcecode.c.h; path = ddccicommands.h; sourceTree = "<group>"; };
		6340D0BF2799810F00A27077 /* vcp.h */ = {isa = PBXFileReference; lastKnownFileType = sourcecode.c.h; path = vcp.h; sourceTree = "<group>"; };
		63576DC62837941700FF5764 /* displayport.cpp */ = {isa = PBXFileReference; lastKnownFileType = sourcecode.cpp.cpp; path = displayport.cpp; sourceTree = "<group>"; };
		63576DC82837947900FF5764 /* displayport.h */ = {isa = PBXFileReference; lastKnownFileType = sourcecode.c.h; path = displayport.h; sourceTree = "<group>"; };
		6358A7D229B7D38D002263D3 /* MacOSMacros.h */ = {isa = PBXFileReference; lastKnownFileType = sourcecode.c.h; path = MacOSMacros.h; sourceTree = "<group>"; };
		63594C112831D01B0085510F /* drm_dp_helper.h */ = {isa = PBXFileReference; lastKnownFileType = sourcecode.c.h; path = drm_dp_helper.h; sourceTree = "<group>"; };
		636A38A329D4249B004899C9 /* CoreServices.framework */ = {isa = PBXFileReference; lastKnownFileType = wrapper.framework; path = CoreServices.framework; sourceTree = "<group>"; };
		636A3A2529D4256B004899C9 /* CarbonCore.framework */ = {isa = PBXFileReference; lastKnownFileType = wrapper.framework; name = CarbonCore.framework; path = CoreServices.framework/Versions/A/Frameworks/CarbonCore.framework; sourceTree = "<group>"; };
		637AD5F32804621700F86799 /* main.cpp */ = {isa = PBXFileReference; fileEncoding = 4; lastKnownFileType = sourcecode.cpp.cpp; path = main.cpp; sourceTree = "<group>"; };
		6391AC3829CD63900074E11D /* iogdiagnose.cpp */ = {isa = PBXFileReference; fileEncoding = 4; lastKnownFileType = sourcecode.cpp.cpp; path = iogdiagnose.cpp; sourceTree = "<group>"; };
		6391AC3A29CD63900074E11D /* IOGDiagnoseUtils.cpp */ = {isa = PBXFileReference; fileEncoding = 4; lastKnownFileType = sourcecode.cpp.cpp; path = IOGDiagnoseUtils.cpp; sourceTree = "<group>"; };
		63A1AC8E283641AE00A17E9D /* iofbdebuguser.cpp */ = {isa = PBXFileReference; lastKnownFileType = sourcecode.cpp.cpp; path = iofbdebuguser.cpp; sourceTree = "<group>"; };
		63A1AC8F283641AE00A17E9D /* iofbdebuguser.h */ = {isa = PBXFileReference; lastKnownFileType = sourcecode.c.h; path = iofbdebuguser.h; sourceTree = "<group>"; };
		63A1AC9128364B1700A17E9D /* AppleMisc.h */ = {isa = PBXFileReference; lastKnownFileType = sourcecode.c.h; path = AppleMisc.h; sourceTree = "<group>"; };
		63D6691E28126444003F40CE /* IOFramebuffer.h */ = {isa = PBXFileReference; lastKnownFileType = sourcecode.c.h; path = IOFramebuffer.h; sourceTree = "<group>"; };
		63DBC67D29CE627E00414F2B /* iogdiagnose.cpp */ = {isa = PBXFileReference; fileEncoding = 4; lastKnownFileType = sourcecode.cpp.cpp; path = iogdiagnose.cpp; sourceTree = "<group>"; };
		63F81DFF29C78C6F004D438D /* IOInterrupts.h */ = {isa = PBXFileReference; lastKnownFileType = sourcecode.c.h; path = IOInterrupts.h; sourceTree = "<group>"; };
		63FC0D7627A5372900E0A05E /* types.h */ = {isa = PBXFileReference; lastKnownFileType = sourcecode.c.h; path = types.h; sourceTree = "<group>"; };
		63FC0D7D27A994F200E0A05E /* dpcd_defs.h */ = {isa = PBXFileReference; lastKnownFileType = sourcecode.c.h; path = dpcd_defs.h; sourceTree = "<group>"; };
/* End PBXFileReference section */

/* Begin PBXFrameworksBuildPhase section */
		630F6C212DB6239700185B2A /* Frameworks */ = {
			isa = PBXFrameworksBuildPhase;
			buildActionMask = 2147483647;
			files = (
			);
			runOnlyForDeploymentPostprocessing = 0;
		};
		63295FF92782F26C00E55E0D /* Frameworks */ = {
			isa = PBXFrameworksBuildPhase;
			buildActionMask = 2147483647;
			files = (
				6327427F284F16530037716C /* ApplicationServices.framework in Frameworks */,
				63274273284F129B0037716C /* CoreDisplay.framework in Frameworks */,
				6327426E284F123C0037716C /* CoreFoundation.framework in Frameworks */,
				63274275284F14550037716C /* DisplayServices.framework in Frameworks */,
				639C00362A2DCC940058A436 /* CoreGraphics.framework in Frameworks */,
				63274271284F126F0037716C /* IOKit.framework in Frameworks */,
				63274277284F14650037716C /* SkyLight.framework in Frameworks */,
				636A38A429D4249B004899C9 /* CoreServices.framework in Frameworks */,
			);
			runOnlyForDeploymentPostprocessing = 0;
		};
/* End PBXFrameworksBuildPhase section */

/* Begin PBXGroup section */
		630F6C0D2DB6230B00185B2A /* dumpdpcd */ = {
			isa = PBXGroup;
			children = (
				630F6C2D2DB6241C00185B2A /* main.cpp */,
			);
			path = dumpdpcd;
			sourceTree = "<group>";
		};
		6311E6F228586C11007B8263 /* pexpert */ = {
			isa = PBXGroup;
			children = (
				6311E6F128586BE0007B8263 /* pexpert.h */,
			);
			path = pexpert;
			sourceTree = "<group>";
		};
		6311E6FF28630614007B8263 /* IOGraphics - 530.14 (from github) */ = {
			isa = PBXGroup;
			children = (
				6311E70028630614007B8263 /* GTrace */,
				6311E70228630614007B8263 /* iogdiagnose */,
			);
			name = "IOGraphics - 530.14 (from github)";
			path = IOGraphics530.14;
			sourceTree = "<group>";
		};
		6311E70028630614007B8263 /* GTrace */ = {
			isa = PBXGroup;
			children = (
				6311E70128630614007B8263 /* GTraceTypes.h */,
			);
			path = GTrace;
			sourceTree = "<group>";
		};
		6311E70228630614007B8263 /* iogdiagnose */ = {
			isa = PBXGroup;
			children = (
				6311E70328630614007B8263 /* iogdiagnose.cpp */,
				6311E70428630614007B8263 /* IOGDiagnoseUtils */,
			);
			path = iogdiagnose;
			sourceTree = "<group>";
		};
		6311E70428630614007B8263 /* IOGDiagnoseUtils */ = {
			isa = PBXGroup;
			children = (
				6311E70528630614007B8263 /* IOGDiagnoseUtils.cpp */,
				6311E70628630614007B8263 /* IOGDiagnoseUtils.h */,
			);
			path = IOGDiagnoseUtils;
			sourceTree = "<group>";
		};
		6327425E284E63FF0037716C /* sys */ = {
			isa = PBXGroup;
			children = (
				6327425F284E642B0037716C /* kdebug_kernel.h */,
				63274265284E71880037716C /* kdebug_private.h */,
			);
			name = sys;
			path = Versions/A/Headers/sys;
			sourceTree = "<group>";
		};
		63295FF32782F26C00E55E0D = {
			isa = PBXGroup;
			children = (
				630F6C0D2DB6230B00185B2A /* dumpdpcd */,
				63295FFE2782F26C00E55E0D /* AllRez */,
				63295FFD2782F26C00E55E0D /* Products */,
			);
			indentWidth = 4;
			sourceTree = "<group>";
			tabWidth = 4;
			usesTabs = 1;
		};
		63295FFD2782F26C00E55E0D /* Products */ = {
			isa = PBXGroup;
			children = (
				63295FFC2782F26C00E55E0D /* AllRez */,
				630F6C2C2DB6239700185B2A /* dumpdpcd */,
			);
			name = Products;
			sourceTree = "<group>";
		};
		63295FFE2782F26C00E55E0D /* AllRez */ = {
			isa = PBXGroup;
			children = (
				6358A7D229B7D38D002263D3 /* MacOSMacros.h */,
				637AD5F32804621700F86799 /* main.cpp */,
				6340D0BE27994D5300A27077 /* ddccicommands.h */,
				6340D0BD27994D5200A27077 /* vcpcodes.h */,
				6340D0BF2799810F00A27077 /* vcp.h */,
				63400FCA2852CB15000C1A01 /* vcp.cpp */,
				6330A9CD27C14BEB009D9063 /* oui.h */,
				6330A9CE27C14BEB009D9063 /* oui.cpp */,
				6330A9D027C14E2B009D9063 /* dpcd.h */,
				6330A9D127C14E2C009D9063 /* dpcd.cpp */,
				6330A9D327C15244009D9063 /* printf.h */,
				6330A9D427C1529F009D9063 /* printf.cpp */,
				6330A9D827C15F79009D9063 /* utilities.h */,
				6330A9D927C15F7A009D9063 /* utilities.cpp */,
				63A1AC8E283641AE00A17E9D /* iofbdebuguser.cpp */,
				63A1AC8F283641AE00A17E9D /* iofbdebuguser.h */,
				63A1AC9128364B1700A17E9D /* AppleMisc.h */,
				63232C7329BAAF7A0048993D /* AppleMisc.cpp */,
				63576DC82837947900FF5764 /* displayport.h */,
				63576DC62837941700FF5764 /* displayport.cpp */,
				63274257284C64DB0037716C /* AGDCDiagnose.h */,
				63274258284C64DB0037716C /* AGDCDiagnose.cpp */,
				63400FAC2852B6D6000C1A01 /* linux (from github) */,
				63400FAB2852B687000C1A01 /* PrivateFrameworks (in SDK) */,
				63400FAA2852B65A000C1A01 /* Frameworks (in SDK) */,
				63400FC62852C8E4000C1A01 /* Kernel.framework (from SDK Framework) */,
				63400FA72852B5D0000C1A01 /* usr (in SDK) */,
				63400FAD2852B75D000C1A01 /* IOGraphics (from github) */,
				63DBC67B29CE627E00414F2B /* IOGraphics - 576.1 (from github) */,
				6391AC3429CD63900074E11D /* IOGraphics - 530.66 (from github) */,
				6311E6FF28630614007B8263 /* IOGraphics - 530.14 (from github) */,
			);
			path = AllRez;
			sourceTree = "<group>";
		};
		633856422848264900362C07 /* IOKit */ = {
			isa = PBXGroup;
			children = (
				63F81DFF29C78C6F004D438D /* IOInterrupts.h */,
				6338564B2848270F00362C07 /* graphics */,
				633856432848265100362C07 /* ndrvsupport */,
			);
			name = IOKit;
			path = Versions/A/Headers/IOKit;
			sourceTree = "<group>";
		};
		633856432848265100362C07 /* ndrvsupport */ = {
			isa = PBXGroup;
			children = (
				633856442848265100362C07 /* IOMacOSTypes.h */,
				633856472848265100362C07 /* IOMacOSVideo.h */,
				633856452848265100362C07 /* IONDRVLibraries.h */,
				633856462848265100362C07 /* IONDRVFramebuffer.h */,
				633856482848265100362C07 /* IONDRVSupport.h */,
			);
			path = ndrvsupport;
			sourceTree = "<group>";
		};
		6338564B2848270F00362C07 /* graphics */ = {
			isa = PBXGroup;
			children = (
				63D6691E28126444003F40CE /* IOFramebuffer.h */,
				6338564C2848271F00362C07 /* IOGraphicsDevice.h */,
			);
			path = graphics;
			sourceTree = "<group>";
		};
		63400FA72852B5D0000C1A01 /* usr (in SDK) */ = {
			isa = PBXGroup;
			children = (
				63400FA82852B5EC000C1A01 /* include */,
			);
			name = "usr (in SDK)";
			path = usr;
			sourceTree = SDKROOT;
		};
		63400FA82852B5EC000C1A01 /* include */ = {
			isa = PBXGroup;
			children = (
				6311E6F228586C11007B8263 /* pexpert */,
				63400FA92852B5F4000C1A01 /* sys */,
			);
			path = include;
			sourceTree = "<group>";
		};
		63400FA92852B5F4000C1A01 /* sys */ = {
			isa = PBXGroup;
			children = (
				63274264284E70200037716C /* kdebug.h */,
			);
			path = sys;
			sourceTree = "<group>";
		};
		63400FAA2852B65A000C1A01 /* Frameworks (in SDK) */ = {
			isa = PBXGroup;
			children = (
				6327427E284F16320037716C /* ApplicationServices.framework */,
				6327426D284F12230037716C /* CoreGraphics.framework */,
				636A38A329D4249B004899C9 /* CoreServices.framework */,
				636A3A2529D4256B004899C9 /* CarbonCore.framework */,
				6327426C284F12230037716C /* CoreFoundation.framework */,
				63274270284F125C0037716C /* IOKit.framework */,
				63274272284F12950037716C /* CoreDisplay.framework */,
				63400FAE2852B9B6000C1A01 /* Kernel.framework */,
			);
			name = "Frameworks (in SDK)";
			path = System/Library/Frameworks;
			sourceTree = SDKROOT;
		};
		63400FAB2852B687000C1A01 /* PrivateFrameworks (in SDK) */ = {
			isa = PBXGroup;
			children = (
				63274274284F14540037716C /* DisplayServices.framework */,
				63274276284F14650037716C /* SkyLight.framework */,
			);
			name = "PrivateFrameworks (in SDK)";
			path = /System/Library/PrivateFrameworks;
			sourceTree = SDKROOT;
		};
		63400FAC2852B6D6000C1A01 /* linux (from github) */ = {
			isa = PBXGroup;
			children = (
				63FC0D7727A994F200E0A05E /* drivers */,
				63FC0D6F27A5372900E0A05E /* include */,
			);
			name = "linux (from github)";
			path = linux;
			sourceTree = "<group>";
		};
		63400FAD2852B75D000C1A01 /* IOGraphics (from github) */ = {
			isa = PBXGroup;
			children = (
				63400FBD2852BDB1000C1A01 /* iogdiagnose */,
				63400FB12852BDB1000C1A01 /* IOGraphicsFamily */,
			);
			name = "IOGraphics (from github)";
			path = IOGraphics;
			sourceTree = "<group>";
		};
		63400FAE2852B9B6000C1A01 /* Kernel.framework */ = {
			isa = PBXGroup;
			children = (
				633856422848264900362C07 /* IOKit */,
				6327425E284E63FF0037716C /* sys */,
			);
			path = Kernel.framework;
			sourceTree = "<group>";
		};
		63400FB12852BDB1000C1A01 /* IOGraphicsFamily */ = {
			isa = PBXGroup;
			children = (
				63400FB22852BDB1000C1A01 /* IOGraphicsDiagnose.h */,
				63400FB32852BDB1000C1A01 /* IOGraphicsKTrace.h */,
				63400FB42852BDB1000C1A01 /* IOKit */,
				63400FB82852BDB1000C1A01 /* tools */,
			);
			path = IOGraphicsFamily;
			sourceTree = "<group>";
		};
		63400FB42852BDB1000C1A01 /* IOKit */ = {
			isa = PBXGroup;
			children = (
				63400FB52852BDB1000C1A01 /* graphics */,
			);
			path = IOKit;
			sourceTree = "<group>";
		};
		63400FB52852BDB1000C1A01 /* graphics */ = {
			isa = PBXGroup;
			children = (
				63400FB62852BDB1000C1A01 /* GTraceTypes.hpp */,
				63400FB72852BDB1000C1A01 /* IOGraphicsTypesPrivate.h */,
			);
			path = graphics;
			sourceTree = "<group>";
		};
		63400FB82852BDB1000C1A01 /* tools */ = {
			isa = PBXGroup;
			children = (
				63400FB92852BDB1000C1A01 /* Utilities */,
			);
			path = tools;
			sourceTree = "<group>";
		};
		63400FB92852BDB1000C1A01 /* Utilities */ = {
			isa = PBXGroup;
			children = (
				63400FBA2852BDB1000C1A01 /* IOGDiagnoseUtils.cpp */,
				63400FBB2852BDB1000C1A01 /* IOGDiagnoseUtils.hpp */,
				63400FBC2852BDB1000C1A01 /* iokit.h */,
			);
			path = Utilities;
			sourceTree = "<group>";
		};
		63400FBD2852BDB1000C1A01 /* iogdiagnose */ = {
			isa = PBXGroup;
			children = (
				63400FBE2852BDB1000C1A01 /* iogdiagnose.cpp */,
			);
			path = iogdiagnose;
			sourceTree = "<group>";
		};
		63400FC62852C8E4000C1A01 /* Kernel.framework (from SDK Framework) */ = {
			isa = PBXGroup;
			children = (
				63400FC72852C8E4000C1A01 /* sys */,
			);
			name = "Kernel.framework (from SDK Framework)";
			path = Kernel.framework;
			sourceTree = "<group>";
		};
		63400FC72852C8E4000C1A01 /* sys */ = {
			isa = PBXGroup;
			children = (
				63400FC82852C8E4000C1A01 /* kdebug_kernel.h */,
				63400FC92852C8E4000C1A01 /* kdebug_private.h */,
			);
			path = sys;
			sourceTree = "<group>";
		};
		63594C102831D01B0085510F /* display */ = {
			isa = PBXGroup;
			children = (
				6311E70C2863F90A007B8263 /* drm_dp.h */,
				6311E70B2863F90A007B8263 /* drm_hdcp.h */,
				63594C112831D01B0085510F /* drm_dp_helper.h */,
			);
			path = display;
			sourceTree = "<group>";
		};
		6391AC3429CD63900074E11D /* IOGraphics - 530.66 (from github) */ = {
			isa = PBXGroup;
			children = (
				6391AC3729CD63900074E11D /* iogdiagnose */,
			);
			name = "IOGraphics - 530.66 (from github)";
			path = IOGraphics530.66;
			sourceTree = "<group>";
		};
		6391AC3729CD63900074E11D /* iogdiagnose */ = {
			isa = PBXGroup;
			children = (
				6391AC3829CD63900074E11D /* iogdiagnose.cpp */,
				6391AC3929CD63900074E11D /* IOGDiagnoseUtils */,
			);
			path = iogdiagnose;
			sourceTree = "<group>";
		};
		6391AC3929CD63900074E11D /* IOGDiagnoseUtils */ = {
			isa = PBXGroup;
			children = (
				6391AC3A29CD63900074E11D /* IOGDiagnoseUtils.cpp */,
			);
			path = IOGDiagnoseUtils;
			sourceTree = "<group>";
		};
		63DBC67B29CE627E00414F2B /* IOGraphics - 576.1 (from github) */ = {
			isa = PBXGroup;
			children = (
				63DBC67C29CE627E00414F2B /* iogdiagnose */,
			);
			name = "IOGraphics - 576.1 (from github)";
			path = IOGraphics576.1;
			sourceTree = "<group>";
		};
		63DBC67C29CE627E00414F2B /* iogdiagnose */ = {
			isa = PBXGroup;
			children = (
				63DBC67D29CE627E00414F2B /* iogdiagnose.cpp */,
			);
			path = iogdiagnose;
			sourceTree = "<group>";
		};
		63FC0D6F27A5372900E0A05E /* include */ = {
			isa = PBXGroup;
			children = (
				63FC0D7027A5372900E0A05E /* drm */,
				63FC0D7327A5372900E0A05E /* linux */,
			);
			path = include;
			sourceTree = "<group>";
		};
		63FC0D7027A5372900E0A05E /* drm */ = {
			isa = PBXGroup;
			children = (
				63594C102831D01B0085510F /* display */,
			);
			path = drm;
			sourceTree = "<group>";
		};
		63FC0D7327A5372900E0A05E /* linux */ = {
			isa = PBXGroup;
			children = (
				63FC0D7627A5372900E0A05E /* types.h */,
			);
			path = linux;
			sourceTree = "<group>";
		};
		63FC0D7727A994F200E0A05E /* drivers */ = {
			isa = PBXGroup;
			children = (
				63FC0D7827A994F200E0A05E /* gpu */,
			);
			path = drivers;
			sourceTree = "<group>";
		};
		63FC0D7827A994F200E0A05E /* gpu */ = {
			isa = PBXGroup;
			children = (
				63FC0D7927A994F200E0A05E /* drm */,
			);
			path = gpu;
			sourceTree = "<group>";
		};
		63FC0D7927A994F200E0A05E /* drm */ = {
			isa = PBXGroup;
			children = (
				63FC0D7A27A994F200E0A05E /* amd */,
			);
			path = drm;
			sourceTree = "<group>";
		};
		63FC0D7A27A994F200E0A05E /* amd */ = {
			isa = PBXGroup;
			children = (
				63FC0D7B27A994F200E0A05E /* display */,
			);
			path = amd;
			sourceTree = "<group>";
		};
		63FC0D7B27A994F200E0A05E /* display */ = {
			isa = PBXGroup;
			children = (
				63FC0D7C27A994F200E0A05E /* include */,
			);
			path = display;
			sourceTree = "<group>";
		};
		63FC0D7C27A994F200E0A05E /* include */ = {
			isa = PBXGroup;
			children = (
				63FC0D7D27A994F200E0A05E /* dpcd_defs.h */,
			);
			path = include;
			sourceTree = "<group>";
		};
/* End PBXGroup section */

/* Begin PBXNativeTarget section */
		630F6C0E2DB6239700185B2A /* dumpdpcd */ = {
			isa = PBXNativeTarget;
			buildConfigurationList = 630F6C292DB6239700185B2A /* Build configuration list for PBXNativeTarget "dumpdpcd" */;
			buildPhases = (
				630F6C0F2DB6239700185B2A /* Sources */,
				630F6C212DB6239700185B2A /* Frameworks */,
			);
			buildRules = (
			);
			dependencies = (
			);
			name = dumpdpcd;
			productName = AllRez;
			productReference = 630F6C2C2DB6239700185B2A /* dumpdpcd */;
			productType = "com.apple.product-type.tool";
		};
		63295FFB2782F26C00E55E0D /* AllRez */ = {
			isa = PBXNativeTarget;
			buildConfigurationList = 632960032782F26C00E55E0D /* Build configuration list for PBXNativeTarget "AllRez" */;
			buildPhases = (
				63295FF82782F26C00E55E0D /* Sources */,
				63295FF92782F26C00E55E0D /* Frameworks */,
			);
			buildRules = (
			);
			dependencies = (
			);
			name = AllRez;
			productName = AllRez;
			productReference = 63295FFC2782F26C00E55E0D /* AllRez */;
			productType = "com.apple.product-type.tool";
		};
/* End PBXNativeTarget section */

/* Begin PBXProject section */
		63295FF42782F26C00E55E0D /* Project object */ = {
			isa = PBXProject;
			attributes = {
				LastUpgradeCheck = 1320;
				TargetAttributes = {
					63295FFB2782F26C00E55E0D = {
						CreatedOnToolsVersion = 13.2.1;
					};
				};
			};
			buildConfigurationList = 63295FF72782F26C00E55E0D /* Build configuration list for PBXProject "AllRez" */;
			compatibilityVersion = "Xcode 3.1";
			developmentRegion = en;
			hasScannedForEncodings = 0;
			knownRegions = (
				en,
				Base,
			);
			mainGroup = 63295FF32782F26C00E55E0D;
			productRefGroup = 63295FFD2782F26C00E55E0D /* Products */;
			projectDirPath = "";
			projectRoot = "";
			targets = (
				63295FFB2782F26C00E55E0D /* AllRez */,
				630F6C0E2DB6239700185B2A /* dumpdpcd */,
			);
		};
/* End PBXProject section */

/* Begin PBXSourcesBuildPhase section */
		630F6C0F2DB6239700185B2A /* Sources */ = {
			isa = PBXSourcesBuildPhase;
			buildActionMask = 2147483647;
			files = (
				630F6C2E2DB6241C00185B2A /* main.cpp in Sources */,
				630F6C302DB62C1A00185B2A /* oui.cpp in Sources */,
				630F6C312DB62C4F00185B2A /* printf.cpp in Sources */,
				630F6C152DB6239700185B2A /* dpcd.cpp in Sources */,
				630F6C2F2DB62A5500185B2A /* displayport.cpp in Sources */,
			);
			runOnlyForDeploymentPostprocessing = 0;
		};
		63295FF82782F26C00E55E0D /* Sources */ = {
			isa = PBXSourcesBuildPhase;
			buildActionMask = 2147483647;
			files = (
				63A1AC90283641AE00A17E9D /* iofbdebuguser.cpp in Sources */,
				6330A9DA27C15F7A009D9063 /* utilities.cpp in Sources */,
				63400FCB2852CB15000C1A01 /* vcp.cpp in Sources */,
				6330A9D527C1529F009D9063 /* printf.cpp in Sources */,
				63DBC67E29CE627F00414F2B /* iogdiagnose.cpp in Sources */,
				6330A9D227C14E2C009D9063 /* dpcd.cpp in Sources */,
				6391AC3F29CD63900074E11D /* iogdiagnose.cpp in Sources */,
				6311E70928630614007B8263 /* iogdiagnose.cpp in Sources */,
				63232C7429BAAF7A0048993D /* AppleMisc.cpp in Sources */,
				63400FC02852BDE8000C1A01 /* IOGDiagnoseUtils.cpp in Sources */,
				63576DC72837941700FF5764 /* displayport.cpp in Sources */,
				63400FBF2852BDD3000C1A01 /* iogdiagnose.cpp in Sources */,
				6311E70A28630614007B8263 /* IOGDiagnoseUtils.cpp in Sources */,
				637AD5F42804621700F86799 /* main.cpp in Sources */,
				6330A9CF27C14BEB009D9063 /* oui.cpp in Sources */,
				63274259284C64DC0037716C /* AGDCDiagnose.cpp in Sources */,
				6391AC4029CD63900074E11D /* IOGDiagnoseUtils.cpp in Sources */,
			);
			runOnlyForDeploymentPostprocessing = 0;
		};
/* End PBXSourcesBuildPhase section */

/* Begin XCBuildConfiguration section */
		630F6C2A2DB6239700185B2A /* Debug */ = {
			isa = XCBuildConfiguration;
			buildSettings = {
				OTHER_CFLAGS = "-DDUMPDPCD";
				PRODUCT_NAME = "$(TARGET_NAME)";
			};
			name = Debug;
		};
		630F6C2B2DB6239700185B2A /* Release */ = {
			isa = XCBuildConfiguration;
			buildSettings = {
				OTHER_CFLAGS = "-DDUMPDPCD";
				PRODUCT_NAME = "$(TARGET_NAME)";
			};
			name = Release;
		};
		632960012782F26C00E55E0D /* Debug */ = {
			isa = XCBuildConfiguration;
			buildSettings = {
				ALWAYS_SEARCH_USER_PATHS = YES;
				CLANG_ANALYZER_NONNULL = YES;
				CLANG_ANALYZER_NUMBER_OBJECT_CONVERSION = YES_AGGRESSIVE;
				CLANG_CXX_LANGUAGE_STANDARD = "gnu++17";
				CLANG_ENABLE_MODULES = YES;
				CLANG_ENABLE_OBJC_WEAK = YES;
				CLANG_WARN_BLOCK_CAPTURE_AUTORELEASING = YES;
				CLANG_WARN_BOOL_CONVERSION = YES;
				CLANG_WARN_COMMA = YES;
				CLANG_WARN_CONSTANT_CONVERSION = YES;
				CLANG_WARN_DEPRECATED_OBJC_IMPLEMENTATIONS = YES;
				CLANG_WARN_DIRECT_OBJC_ISA_USAGE = YES_ERROR;
				CLANG_WARN_DOCUMENTATION_COMMENTS = YES;
				CLANG_WARN_EMPTY_BODY = YES;
				CLANG_WARN_ENUM_CONVERSION = YES;
				CLANG_WARN_INFINITE_RECURSION = YES;
				CLANG_WARN_INT_CONVERSION = YES;
				CLANG_WARN_NON_LITERAL_NULL_CONVERSION = YES;
				CLANG_WARN_OBJC_IMPLICIT_RETAIN_SELF = YES;
				CLANG_WARN_OBJC_LITERAL_CONVERSION = YES;
				CLANG_WARN_OBJC_ROOT_CLASS = YES_ERROR;
				CLANG_WARN_QUOTED_INCLUDE_IN_FRAMEWORK_HEADER = YES;
				CLANG_WARN_RANGE_LOOP_ANALYSIS = YES;
				CLANG_WARN_STRICT_PROTOTYPES = YES;
				CLANG_WARN_SUSPICIOUS_MOVE = YES;
				CLANG_WARN_UNGUARDED_AVAILABILITY = YES_AGGRESSIVE;
				CLANG_WARN_UNREACHABLE_CODE = YES;
				CLANG_WARN__DUPLICATE_METHOD_MATCH = YES;
				CODE_SIGNING_ALLOWED = NO;
				COPY_PHASE_STRIP = NO;
				DEBUG_INFORMATION_FORMAT = "dwarf-with-dsym";
				ENABLE_STRICT_OBJC_MSGSEND = YES;
				ENABLE_TESTABILITY = YES;
				FRAMEWORK_SEARCH_PATHS = (
					"${SDKROOT}/System/Library/Frameworks/**",
					"${SDKROOT}/System/Library/Frameworks/ApplicationServices.framework/Versions/A/Frameworks/**",
					"${SDKROOT}/System/Library/Frameworks/CoreServices.framework/Versions/A/Frameworks/**",
					"${SDKROOT}/System/Library/PrivateFrameworks/**",
					"/System/Library/PrivateFrameworks/**",
					"${PROJECT_DIR}/AllRez/**",
					"${SDKROOT}/usr/include/**",
					"${SDKROOT}/usr/include/sys/**",
				);
				GCC_DYNAMIC_NO_PIC = NO;
				GCC_NO_COMMON_BLOCKS = YES;
				GCC_OPTIMIZATION_LEVEL = 0;
				GCC_PREPROCESSOR_DEFINITIONS = (
					"DEBUG=1",
					"$(inherited)",
				);
				GCC_WARN_64_TO_32_BIT_CONVERSION = YES;
				GCC_WARN_ABOUT_RETURN_TYPE = YES_ERROR;
				GCC_WARN_UNDECLARED_SELECTOR = YES;
				GCC_WARN_UNINITIALIZED_AUTOS = YES_AGGRESSIVE;
				GCC_WARN_UNUSED_FUNCTION = YES;
				GCC_WARN_UNUSED_VARIABLE = YES;
				HEADER_SEARCH_PATHS = (
					"${SRCROOT}/AllRez/linux/include/",
					"${SDKROOT}/usr/include/**",
					"${SDKROOT}/usr/include/sys/**",
				);
				MACOSX_DEPLOYMENT_TARGET = 10.13;
				SDKROOT = macosx;
				SYMROOT = build/build13;
				SYSTEM_HEADER_SEARCH_PATHS = "${SRCROOT}/AllRez/linux/include/ ${SRCROOT}/AllRez/Kernel.framework/ ${SDKROOT}/usr/include/** ${SDKROOT}/usr/include/sys/**";
				USER_HEADER_SEARCH_PATHS = "${SRCROOT}/AllRez/linux/drivers/gpu/drm/amd/display/** ${SRCROOT}/AllRez/linux/include ${SRCROOT}/AllRez/IOGraphics/IOGraphicsFamily ${SRCROOT}/AllRez/IOGraphics/IOGraphicsFamily/tools/Utilities ${SDKROOT}/usr/include/** ${SDKROOT}/usr/include/sys/**";
			};
			name = Debug;
		};
		632960022782F26C00E55E0D /* Release */ = {
			isa = XCBuildConfiguration;
			buildSettings = {
				ALWAYS_SEARCH_USER_PATHS = YES;
				CLANG_ANALYZER_NONNULL = YES;
				CLANG_ANALYZER_NUMBER_OBJECT_CONVERSION = YES_AGGRESSIVE;
				CLANG_CXX_LANGUAGE_STANDARD = "gnu++17";
				CLANG_ENABLE_MODULES = YES;
				CLANG_ENABLE_OBJC_WEAK = YES;
				CLANG_WARN_BLOCK_CAPTURE_AUTORELEASING = YES;
				CLANG_WARN_BOOL_CONVERSION = YES;
				CLANG_WARN_COMMA = YES;
				CLANG_WARN_CONSTANT_CONVERSION = YES;
				CLANG_WARN_DEPRECATED_OBJC_IMPLEMENTATIONS = YES;
				CLANG_WARN_DIRECT_OBJC_ISA_USAGE = YES_ERROR;
				CLANG_WARN_DOCUMENTATION_COMMENTS = YES;
				CLANG_WARN_EMPTY_BODY = YES;
				CLANG_WARN_ENUM_CONVERSION = YES;
				CLANG_WARN_INFINITE_RECURSION = YES;
				CLANG_WARN_INT_CONVERSION = YES;
				CLANG_WARN_NON_LITERAL_NULL_CONVERSION = YES;
				CLANG_WARN_OBJC_IMPLICIT_RETAIN_SELF = YES;
				CLANG_WARN_OBJC_LITERAL_CONVERSION = YES;
				CLANG_WARN_OBJC_ROOT_CLASS = YES_ERROR;
				CLANG_WARN_QUOTED_INCLUDE_IN_FRAMEWORK_HEADER = YES;
				CLANG_WARN_RANGE_LOOP_ANALYSIS = YES;
				CLANG_WARN_STRICT_PROTOTYPES = YES;
				CLANG_WARN_SUSPICIOUS_MOVE = YES;
				CLANG_WARN_UNGUARDED_AVAILABILITY = YES_AGGRESSIVE;
				CLANG_WARN_UNREACHABLE_CODE = YES;
				CLANG_WARN__DUPLICATE_METHOD_MATCH = YES;
				CODE_SIGNING_ALLOWED = NO;
				COPY_PHASE_STRIP = NO;
				DEBUG_INFORMATION_FORMAT = "dwarf-with-dsym";
				ENABLE_NS_ASSERTIONS = NO;
				ENABLE_STRICT_OBJC_MSGSEND = YES;
				FRAMEWORK_SEARCH_PATHS = (
					"${SDKROOT}/System/Library/Frameworks/**",
					"${SDKROOT}/System/Library/Frameworks/ApplicationServices.framework/Versions/A/Frameworks/**",
					"${SDKROOT}/System/Library/Frameworks/CoreServices.framework/Versions/A/Frameworks/**",
					"${SDKROOT}/System/Library/PrivateFrameworks/**",
					"/System/Library/PrivateFrameworks/**",
					"${PROJECT_DIR}/AllRez/**",
					"${SDKROOT}/usr/include/**",
					"${SDKROOT}/usr/include/sys/**",
				);
				GCC_NO_COMMON_BLOCKS = YES;
				GCC_WARN_64_TO_32_BIT_CONVERSION = YES;
				GCC_WARN_ABOUT_RETURN_TYPE = YES_ERROR;
				GCC_WARN_UNDECLARED_SELECTOR = YES;
				GCC_WARN_UNINITIALIZED_AUTOS = YES_AGGRESSIVE;
				GCC_WARN_UNUSED_FUNCTION = YES;
				GCC_WARN_UNUSED_VARIABLE = YES;
				HEADER_SEARCH_PATHS = (
					"${SRCROOT}/AllRez/linux/include/",
					"${SDKROOT}/usr/include/**",
					"${SDKROOT}/usr/include/sys/**",
				);
				MACOSX_DEPLOYMENT_TARGET = 10.13;
				SDKROOT = macosx;
				SYMROOT = build/build13;
				SYSTEM_HEADER_SEARCH_PATHS = "${SRCROOT}/AllRez/linux/include/ ${SRCROOT}/AllRez/Kernel.framework/ ${SDKROOT}/usr/include/** ${SDKROOT}/usr/include/sys/**";
				USER_HEADER_SEARCH_PATHS = "${SRCROOT}/AllRez/linux/drivers/gpu/drm/amd/display/** ${SRCROOT}/AllRez/linux/include ${SRCROOT}/AllRez/IOGraphics/IOGraphicsFamily ${SRCROOT}/AllRez/IOGraphics/IOGraphicsFamily/tools/Utilities ${SDKROOT}/usr/include/** ${SDKROOT}/usr/include/sys/**";
			};
			name = Release;
		};
		632960042782F26C00E55E0D /* Debug */ = {
			isa = XCBuildConfiguration;
			buildSettings = {
				PRODUCT_NAME = "$(TARGET_NAME)";
				SYSTEM_FRAMEWORK_SEARCH_PATHS = "$(inherited) $(SDKROOT)$(SYSTEM_LIBRARY_DIR)/Frameworks/ApplicationServices.framework/Versions/A/Frameworks";
			};
			name = Debug;
		};
		632960052782F26C00E55E0D /* Release */ = {
			isa = XCBuildConfiguration;
			buildSettings = {
				PRODUCT_NAME = "$(TARGET_NAME)";
				SYSTEM_FRAMEWORK_SEARCH_PATHS = "$(inherited) $(SDKROOT)$(SYSTEM_LIBRARY_DIR)/Frameworks/ApplicationServices.framework/Versions/A/Frameworks";
			};
			name = Release;
		};
/* End XCBuildConfiguration section */

/* Begin XCConfigurationList section */
		630F6C292DB6239700185B2A /* Build configuration list for PBXNativeTarget "dumpdpcd" */ = {
			isa = XCConfigurationList;
			buildConfigurations = (
				630F6C2A2DB6239700185B2A /* Debug */,
				630F6C2B2DB6239700185B2A /* Release */,
			);
			defaultConfigurationIsVisible = 0;
			defaultConfigurationName = Release;
		};
		63295FF72782F26C00E55E0D /* Build configuration list for PBXProject "AllRez" */ = {
			isa = XCConfigurationList;
			buildConfigurations = (
				632960012782F26C00E55E0D /* Debug */,
				632960022782F26C00E55E0D /* Release */,
			);
			defaultConfigurationIsVisible = 0;
			defaultConfigurationName = Release;
		};
		632960032782F26C00E55E0D /* Build configuration list for PBXNativeTarget "AllRez" */ = {
			isa = XCConfigurationList;
			buildConfigurations = (
				632960042782F26C00E55E0D /* Debug */,
				632960052782F26C00E55E0D /* Release */,
			);
			defaultConfigurationIsVisible = 0;
			defaultConfigurationName = Release;
		};
/* End XCConfigurationList section */
	};
	rootObject = 63295FF42782F26C00E55E0D /* Project object */;
}
