// !$*UTF8*$!
{
	archiveVersion = 1;
	classes = {
	};
	objectVersion = 55;
	objects = {

/* Begin PBXBuildFile section */
		6311E70928630614007B8263 /* iogdiagnose.cpp in Sources */ = {isa = PBXBuildFile; fileRef = 6311E70328630614007B8263 /* iogdiagnose.cpp */; };
		6311E70A28630614007B8263 /* IOGDiagnoseUtils.cpp in Sources */ = {isa = PBXBuildFile; fileRef = 6311E70528630614007B8263 /* IOGDiagnoseUtils.cpp */; };
		63274259284C64DC0037716C /* AGDCDiagnose.cpp in Sources */ = {isa = PBXBuildFile; fileRef = 63274258284C64DB0037716C /* AGDCDiagnose.cpp */; };
		6327426E284F123C0037716C /* CoreFoundation.framework in Frameworks */ = {isa = PBXBuildFile; fileRef = 6327426C284F12230037716C /* CoreFoundation.framework */; };
		6327426F284F123F0037716C /* CoreGraphics.framework in Frameworks */ = {isa = PBXBuildFile; fileRef = 6327426D284F12230037716C /* CoreGraphics.framework */; };
		63274271284F126F0037716C /* IOKit.framework in Frameworks */ = {isa = PBXBuildFile; fileRef = 63274270284F125C0037716C /* IOKit.framework */; };
		63274273284F129B0037716C /* CoreDisplay.framework in Frameworks */ = {isa = PBXBuildFile; fileRef = 63274272284F12950037716C /* CoreDisplay.framework */; };
		63274275284F14550037716C /* DisplayServices.framework in Frameworks */ = {isa = PBXBuildFile; fileRef = 63274274284F14540037716C /* DisplayServices.framework */; };
		63274277284F14650037716C /* SkyLight.framework in Frameworks */ = {isa = PBXBuildFile; fileRef = 63274276284F14650037716C /* SkyLight.framework */; };
		6327427F284F16530037716C /* ApplicationServices.framework in Frameworks */ = {isa = PBXBuildFile; fileRef = 6327427E284F16320037716C /* ApplicationServices.framework */; };
		6330A9CF27C14BEB009D9063 /* oui.cpp in Sources */ = {isa = PBXBuildFile; fileRef = 6330A9CE27C14BEB009D9063 /* oui.cpp */; };
		6330A9D227C14E2C009D9063 /* dpcd.cpp in Sources */ = {isa = PBXBuildFile; fileRef = 6330A9D127C14E2C009D9063 /* dpcd.cpp */; };
		6330A9D527C1529F009D9063 /* printf.cpp in Sources */ = {isa = PBXBuildFile; fileRef = 6330A9D427C1529F009D9063 /* printf.cpp */; };
		6330A9DA27C15F7A009D9063 /* utilities.cpp in Sources */ = {isa = PBXBuildFile; fileRef = 6330A9D927C15F7A009D9063 /* utilities.cpp */; };
		63400FBF2852BDD3000C1A01 /* iogdiagnose.cpp in Sources */ = {isa = PBXBuildFile; fileRef = 63400FBE2852BDB1000C1A01 /* iogdiagnose.cpp */; };
		63400FC02852BDE8000C1A01 /* IOGDiagnoseUtils.cpp in Sources */ = {isa = PBXBuildFile; fileRef = 63400FBA2852BDB1000C1A01 /* IOGDiagnoseUtils.cpp */; };
		63400FCB2852CB15000C1A01 /* vcp.cpp in Sources */ = {isa = PBXBuildFile; fileRef = 63400FCA2852CB15000C1A01 /* vcp.cpp */; };
		63576DC72837941700FF5764 /* displayport.cpp in Sources */ = {isa = PBXBuildFile; fileRef = 63576DC62837941700FF5764 /* displayport.cpp */; };
		637AD5F42804621700F86799 /* main.cpp in Sources */ = {isa = PBXBuildFile; fileRef = 637AD5F32804621700F86799 /* main.cpp */; };
		63A1AC90283641AE00A17E9D /* iofbdebuguser.cpp in Sources */ = {isa = PBXBuildFile; fileRef = 63A1AC8E283641AE00A17E9D /* iofbdebuguser.cpp */; };
/* End PBXBuildFile section */

/* Begin PBXCopyFilesBuildPhase section */
		63295FFA2782F26C00E55E0D /* CopyFiles */ = {
			isa = PBXCopyFilesBuildPhase;
			buildActionMask = 2147483647;
			dstPath = /usr/share/man/man1/;
			dstSubfolderSpec = 0;
			files = (
			);
			runOnlyForDeploymentPostprocessing = 1;
		};
/* End PBXCopyFilesBuildPhase section */

/* Begin PBXFileReference section */
		6311E6EC2856F8F6007B8263 /* IOPM.h */ = {isa = PBXFileReference; lastKnownFileType = sourcecode.c.h; path = IOPM.h; sourceTree = "<group>"; };
		6311E6ED2856F8F6007B8263 /* IOPMLib.h */ = {isa = PBXFileReference; lastKnownFileType = sourcecode.c.h; path = IOPMLib.h; sourceTree = "<group>"; };
		6311E6EE2856F8F6007B8263 /* IOPMKeys.h */ = {isa = PBXFileReference; lastKnownFileType = sourcecode.c.h; path = IOPMKeys.h; sourceTree = "<group>"; };
		6311E6EF2856F8F6007B8263 /* IOPMLibDefs.h */ = {isa = PBXFileReference; lastKnownFileType = sourcecode.c.h; path = IOPMLibDefs.h; sourceTree = "<group>"; };
		6311E6F128586BE0007B8263 /* pexpert.h */ = {isa = PBXFileReference; lastKnownFileType = sourcecode.c.h; path = pexpert.h; sourceTree = "<group>"; };
		6311E6F32858752B007B8263 /* IOMessage.h */ = {isa = PBXFileReference; lastKnownFileType = sourcecode.c.h; name = IOMessage.h; path = Versions/A/Headers/IOMessage.h; sourceTree = "<group>"; };
		6311E70128630614007B8263 /* GTraceTypes.h */ = {isa = PBXFileReference; fileEncoding = 4; lastKnownFileType = sourcecode.c.h; path = GTraceTypes.h; sourceTree = "<group>"; };
		6311E70328630614007B8263 /* iogdiagnose.cpp */ = {isa = PBXFileReference; fileEncoding = 4; lastKnownFileType = sourcecode.cpp.cpp; path = iogdiagnose.cpp; sourceTree = "<group>"; };
		6311E70528630614007B8263 /* IOGDiagnoseUtils.cpp */ = {isa = PBXFileReference; fileEncoding = 4; lastKnownFileType = sourcecode.cpp.cpp; path = IOGDiagnoseUtils.cpp; sourceTree = "<group>"; };
		6311E70628630614007B8263 /* IOGDiagnoseUtils.h */ = {isa = PBXFileReference; fileEncoding = 4; lastKnownFileType = sourcecode.c.h; path = IOGDiagnoseUtils.h; sourceTree = "<group>"; };
		6311E70828630614007B8263 /* IOGraphicsDiagnose530.14.h */ = {isa = PBXFileReference; fileEncoding = 4; lastKnownFileType = sourcecode.c.h; path = IOGraphicsDiagnose530.14.h; sourceTree = "<group>"; };
		6311E70B2863F90A007B8263 /* drm_hdcp.h */ = {isa = PBXFileReference; lastKnownFileType = sourcecode.c.h; path = drm_hdcp.h; sourceTree = "<group>"; };
		6311E70C2863F90A007B8263 /* drm_dp.h */ = {isa = PBXFileReference; lastKnownFileType = sourcecode.c.h; path = drm_dp.h; sourceTree = "<group>"; };
		63274257284C64DB0037716C /* AGDCDiagnose.h */ = {isa = PBXFileReference; lastKnownFileType = sourcecode.c.h; path = AGDCDiagnose.h; sourceTree = "<group>"; };
		63274258284C64DB0037716C /* AGDCDiagnose.cpp */ = {isa = PBXFileReference; lastKnownFileType = sourcecode.cpp.cpp; path = AGDCDiagnose.cpp; sourceTree = "<group>"; };
		6327425F284E642B0037716C /* kdebug_kernel.h */ = {isa = PBXFileReference; lastKnownFileType = sourcecode.c.h; path = kdebug_kernel.h; sourceTree = "<group>"; };
		63274264284E70200037716C /* kdebug.h */ = {isa = PBXFileReference; lastKnownFileType = sourcecode.c.h; path = kdebug.h; sourceTree = "<group>"; };
		63274265284E71880037716C /* kdebug_private.h */ = {isa = PBXFileReference; lastKnownFileType = sourcecode.c.h; path = kdebug_private.h; sourceTree = "<group>"; };
		6327426C284F12230037716C /* CoreFoundation.framework */ = {isa = PBXFileReference; lastKnownFileType = wrapper.framework; path = CoreFoundation.framework; sourceTree = "<group>"; };
		6327426D284F12230037716C /* CoreGraphics.framework */ = {isa = PBXFileReference; lastKnownFileType = wrapper.framework; path = CoreGraphics.framework; sourceTree = "<group>"; };
		63274270284F125C0037716C /* IOKit.framework */ = {isa = PBXFileReference; lastKnownFileType = wrapper.framework; path = IOKit.framework; sourceTree = "<group>"; };
		63274272284F12950037716C /* CoreDisplay.framework */ = {isa = PBXFileReference; lastKnownFileType = wrapper.framework; path = CoreDisplay.framework; sourceTree = "<group>"; };
		63274274284F14540037716C /* DisplayServices.framework */ = {isa = PBXFileReference; lastKnownFileType = wrapper.framework; path = DisplayServices.framework; sourceTree = "<group>"; };
		63274276284F14650037716C /* SkyLight.framework */ = {isa = PBXFileReference; lastKnownFileType = wrapper.framework; path = SkyLight.framework; sourceTree = "<group>"; };
		6327427E284F16320037716C /* ApplicationServices.framework */ = {isa = PBXFileReference; lastKnownFileType = wrapper.framework; path = ApplicationServices.framework; sourceTree = "<group>"; };
		63295FFC2782F26C00E55E0D /* AllRez */ = {isa = PBXFileReference; explicitFileType = "compiled.mach-o.executable"; includeInIndex = 0; path = AllRez; sourceTree = BUILT_PRODUCTS_DIR; };
		6330A9CD27C14BEB009D9063 /* oui.h */ = {isa = PBXFileReference; lastKnownFileType = sourcecode.c.h; path = oui.h; sourceTree = "<group>"; };
		6330A9CE27C14BEB009D9063 /* oui.cpp */ = {isa = PBXFileReference; lastKnownFileType = sourcecode.cpp.cpp; path = oui.cpp; sourceTree = "<group>"; };
		6330A9D027C14E2B009D9063 /* dpcd.h */ = {isa = PBXFileReference; lastKnownFileType = sourcecode.c.h; path = dpcd.h; sourceTree = "<group>"; };
		6330A9D127C14E2C009D9063 /* dpcd.cpp */ = {isa = PBXFileReference; lastKnownFileType = sourcecode.cpp.cpp; path = dpcd.cpp; sourceTree = "<group>"; };
		6330A9D327C15244009D9063 /* printf.h */ = {isa = PBXFileReference; lastKnownFileType = sourcecode.c.h; path = printf.h; sourceTree = "<group>"; };
		6330A9D427C1529F009D9063 /* printf.cpp */ = {isa = PBXFileReference; lastKnownFileType = sourcecode.cpp.cpp; path = printf.cpp; sourceTree = "<group>"; };
		6330A9D827C15F79009D9063 /* utilities.h */ = {isa = PBXFileReference; lastKnownFileType = sourcecode.c.h; path = utilities.h; sourceTree = "<group>"; };
		6330A9D927C15F7A009D9063 /* utilities.cpp */ = {isa = PBXFileReference; lastKnownFileType = sourcecode.cpp.cpp; path = utilities.cpp; sourceTree = "<group>"; };
		633856442848265100362C07 /* IOMacOSTypes.h */ = {isa = PBXFileReference; lastKnownFileType = sourcecode.c.h; path = IOMacOSTypes.h; sourceTree = "<group>"; };
		633856452848265100362C07 /* IONDRVLibraries.h */ = {isa = PBXFileReference; lastKnownFileType = sourcecode.c.h; path = IONDRVLibraries.h; sourceTree = "<group>"; };
		633856462848265100362C07 /* IONDRVFramebuffer.h */ = {isa = PBXFileReference; lastKnownFileType = sourcecode.c.h; path = IONDRVFramebuffer.h; sourceTree = "<group>"; };
		633856472848265100362C07 /* IOMacOSVideo.h */ = {isa = PBXFileReference; lastKnownFileType = sourcecode.c.h; path = IOMacOSVideo.h; sourceTree = "<group>"; };
		633856482848265100362C07 /* IONDRVSupport.h */ = {isa = PBXFileReference; lastKnownFileType = sourcecode.c.h; path = IONDRVSupport.h; sourceTree = "<group>"; };
		63385649284826AF00362C07 /* IOMacOSVideo.h */ = {isa = PBXFileReference; lastKnownFileType = sourcecode.c.h; path = IOMacOSVideo.h; sourceTree = "<group>"; };
		6338564A284826AF00362C07 /* IOMacOSTypes.h */ = {isa = PBXFileReference; lastKnownFileType = sourcecode.c.h; path = IOMacOSTypes.h; sourceTree = "<group>"; };
		6338564C2848271F00362C07 /* IOGraphicsDevice.h */ = {isa = PBXFileReference; lastKnownFileType = sourcecode.c.h; path = IOGraphicsDevice.h; sourceTree = "<group>"; };
		63400FB22852BDB1000C1A01 /* IOGraphicsDiagnose.h */ = {isa = PBXFileReference; lastKnownFileType = sourcecode.c.h; path = IOGraphicsDiagnose.h; sourceTree = "<group>"; };
		63400FB32852BDB1000C1A01 /* IOGraphicsKTrace.h */ = {isa = PBXFileReference; lastKnownFileType = sourcecode.c.h; path = IOGraphicsKTrace.h; sourceTree = "<group>"; };
		63400FB62852BDB1000C1A01 /* GTraceTypes.hpp */ = {isa = PBXFileReference; lastKnownFileType = sourcecode.cpp.h; path = GTraceTypes.hpp; sourceTree = "<group>"; };
		63400FB72852BDB1000C1A01 /* IOGraphicsTypesPrivate.h */ = {isa = PBXFileReference; lastKnownFileType = sourcecode.c.h; path = IOGraphicsTypesPrivate.h; sourceTree = "<group>"; };
		63400FBA2852BDB1000C1A01 /* IOGDiagnoseUtils.cpp */ = {isa = PBXFileReference; lastKnownFileType = sourcecode.cpp.cpp; path = IOGDiagnoseUtils.cpp; sourceTree = "<group>"; };
		63400FBB2852BDB1000C1A01 /* IOGDiagnoseUtils.hpp */ = {isa = PBXFileReference; lastKnownFileType = sourcecode.cpp.h; path = IOGDiagnoseUtils.hpp; sourceTree = "<group>"; };
		63400FBC2852BDB1000C1A01 /* iokit */ = {isa = PBXFileReference; lastKnownFileType = text; path = iokit; sourceTree = "<group>"; };
		63400FBE2852BDB1000C1A01 /* iogdiagnose.cpp */ = {isa = PBXFileReference; lastKnownFileType = sourcecode.cpp.cpp; path = iogdiagnose.cpp; sourceTree = "<group>"; };
		63400FC82852C8E4000C1A01 /* kdebug_kernel.h */ = {isa = PBXFileReference; lastKnownFileType = sourcecode.c.h; path = kdebug_kernel.h; sourceTree = "<group>"; };
		63400FC92852C8E4000C1A01 /* kdebug_private.h */ = {isa = PBXFileReference; lastKnownFileType = sourcecode.c.h; path = kdebug_private.h; sourceTree = "<group>"; };
		63400FCA2852CB15000C1A01 /* vcp.cpp */ = {isa = PBXFileReference; fileEncoding = 4; lastKnownFileType = sourcecode.cpp.cpp; path = vcp.cpp; sourceTree = "<group>"; };
		6340D0462795659D00A27077 /* IOGraphicsEngine.h */ = {isa = PBXFileReference; lastKnownFileType = sourcecode.c.h; path = IOGraphicsEngine.h; sourceTree = "<group>"; };
		6340D0472795659D00A27077 /* IOAccelSurfaceConnect.h */ = {isa = PBXFileReference; lastKnownFileType = sourcecode.c.h; path = IOAccelSurfaceConnect.h; sourceTree = "<group>"; };
		6340D0482795659D00A27077 /* IOGraphicsInterface.h */ = {isa = PBXFileReference; lastKnownFileType = sourcecode.c.h; path = IOGraphicsInterface.h; sourceTree = "<group>"; };
		6340D0492795659D00A27077 /* IOGraphicsTypes.h */ = {isa = PBXFileReference; lastKnownFileType = sourcecode.c.h; path = IOGraphicsTypes.h; sourceTree = "<group>"; };
		6340D04A2795659D00A27077 /* IOFramebufferShared.h */ = {isa = PBXFileReference; lastKnownFileType = sourcecode.c.h; path = IOFramebufferShared.h; sourceTree = "<group>"; };
		6340D04B2795659D00A27077 /* IOGraphicsLib.h */ = {isa = PBXFileReference; lastKnownFileType = sourcecode.c.h; path = IOGraphicsLib.h; sourceTree = "<group>"; };
		6340D04C2795659D00A27077 /* IOAccelTypes.h */ = {isa = PBXFileReference; lastKnownFileType = sourcecode.c.h; path = IOAccelTypes.h; sourceTree = "<group>"; };
		6340D04D2795659D00A27077 /* IOGraphicsInterfaceTypes.h */ = {isa = PBXFileReference; lastKnownFileType = sourcecode.c.h; path = IOGraphicsInterfaceTypes.h; sourceTree = "<group>"; };
		6340D04E2795659D00A27077 /* IOAccelClientConnect.h */ = {isa = PBXFileReference; lastKnownFileType = sourcecode.c.h; path = IOAccelClientConnect.h; sourceTree = "<group>"; };
		6340D050279565BD00A27077 /* IOI2CInterface.h */ = {isa = PBXFileReference; lastKnownFileType = sourcecode.c.h; path = IOI2CInterface.h; sourceTree = "<group>"; };
		6340D0BB279567C300A27077 /* CGDisplayConfiguration.h */ = {isa = PBXFileReference; lastKnownFileType = sourcecode.c.h; name = CGDisplayConfiguration.h; path = Versions/A/Headers/CGDisplayConfiguration.h; sourceTree = "<group>"; };
		6340D0BC279567C300A27077 /* CGDirectDisplay.h */ = {isa = PBXFileReference; lastKnownFileType = sourcecode.c.h; name = CGDirectDisplay.h; path = Versions/A/Headers/CGDirectDisplay.h; sourceTree = "<group>"; };
		6340D0BD27994D5200A27077 /* vcpcodes.h */ = {isa = PBXFileReference; lastKnownFileType = sourcecode.c.h; path = vcpcodes.h; sourceTree = "<group>"; };
		6340D0BE27994D5300A27077 /* ddccicommands.h */ = {isa = PBXFileReference; lastKnownFileType = sourcecode.c.h; path = ddccicommands.h; sourceTree = "<group>"; };
		6340D0BF2799810F00A27077 /* vcp.h */ = {isa = PBXFileReference; lastKnownFileType = sourcecode.c.h; path = vcp.h; sourceTree = "<group>"; };
		63576DC62837941700FF5764 /* displayport.cpp */ = {isa = PBXFileReference; lastKnownFileType = sourcecode.cpp.cpp; path = displayport.cpp; sourceTree = "<group>"; };
		63576DC82837947900FF5764 /* displayport.h */ = {isa = PBXFileReference; lastKnownFileType = sourcecode.c.h; path = displayport.h; sourceTree = "<group>"; };
		63594C112831D01B0085510F /* drm_dp_helper.h */ = {isa = PBXFileReference; lastKnownFileType = sourcecode.c.h; path = drm_dp_helper.h; sourceTree = "<group>"; };
		637AD5F32804621700F86799 /* main.cpp */ = {isa = PBXFileReference; fileEncoding = 4; lastKnownFileType = sourcecode.cpp.cpp; path = main.cpp; sourceTree = "<group>"; };
		63A1AC8E283641AE00A17E9D /* iofbdebuguser.cpp */ = {isa = PBXFileReference; lastKnownFileType = sourcecode.cpp.cpp; path = iofbdebuguser.cpp; sourceTree = "<group>"; };
		63A1AC8F283641AE00A17E9D /* iofbdebuguser.h */ = {isa = PBXFileReference; lastKnownFileType = sourcecode.c.h; path = iofbdebuguser.h; sourceTree = "<group>"; };
		63A1AC9128364B1700A17E9D /* AppleMisc.h */ = {isa = PBXFileReference; lastKnownFileType = sourcecode.c.h; path = AppleMisc.h; sourceTree = "<group>"; };
		63D6691E28126444003F40CE /* IOFramebuffer.h */ = {isa = PBXFileReference; lastKnownFileType = sourcecode.c.h; path = IOFramebuffer.h; sourceTree = "<group>"; };
		63FC0D6A27A0075400E0A05E /* IOReturn.h */ = {isa = PBXFileReference; lastKnownFileType = sourcecode.c.h; name = IOReturn.h; path = Versions/A/Headers/IOReturn.h; sourceTree = "<group>"; };
		63FC0D6B27A0077F00E0A05E /* IOKitLib.h */ = {isa = PBXFileReference; lastKnownFileType = sourcecode.c.h; name = IOKitLib.h; path = Versions/A/Headers/IOKitLib.h; sourceTree = "<group>"; };
		63FC0D7627A5372900E0A05E /* types.h */ = {isa = PBXFileReference; lastKnownFileType = sourcecode.c.h; path = types.h; sourceTree = "<group>"; };
		63FC0D7D27A994F200E0A05E /* dpcd_defs.h */ = {isa = PBXFileReference; lastKnownFileType = sourcecode.c.h; path = dpcd_defs.h; sourceTree = "<group>"; };
/* End PBXFileReference section */

/* Begin PBXFrameworksBuildPhase section */
		63295FF92782F26C00E55E0D /* Frameworks */ = {
			isa = PBXFrameworksBuildPhase;
			buildActionMask = 2147483647;
			files = (
				6327427F284F16530037716C /* ApplicationServices.framework in Frameworks */,
				63274273284F129B0037716C /* CoreDisplay.framework in Frameworks */,
				6327426F284F123F0037716C /* CoreGraphics.framework in Frameworks */,
				6327426E284F123C0037716C /* CoreFoundation.framework in Frameworks */,
				63274275284F14550037716C /* DisplayServices.framework in Frameworks */,
				63274271284F126F0037716C /* IOKit.framework in Frameworks */,
				63274277284F14650037716C /* SkyLight.framework in Frameworks */,
			);
			runOnlyForDeploymentPostprocessing = 0;
		};
/* End PBXFrameworksBuildPhase section */

/* Begin PBXGroup section */
		6311E6EB2856F8F6007B8263 /* pwr_mgt */ = {
			isa = PBXGroup;
			children = (
				6311E6EC2856F8F6007B8263 /* IOPM.h */,
				6311E6ED2856F8F6007B8263 /* IOPMLib.h */,
				6311E6EE2856F8F6007B8263 /* IOPMKeys.h */,
				6311E6EF2856F8F6007B8263 /* IOPMLibDefs.h */,
			);
			name = pwr_mgt;
			path = Versions/A/Headers/pwr_mgt;
			sourceTree = "<group>";
		};
		6311E6F228586C11007B8263 /* pexpert */ = {
			isa = PBXGroup;
			children = (
				6311E6F128586BE0007B8263 /* pexpert.h */,
			);
			path = pexpert;
			sourceTree = "<group>";
		};
		6311E6FF28630614007B8263 /* IOGraphics530.14 (from github) */ = {
			isa = PBXGroup;
			children = (
				6311E70028630614007B8263 /* GTrace */,
				6311E70228630614007B8263 /* iogdiagnose */,
				6311E70728630614007B8263 /* IOGraphicsFamily */,
			);
			name = "IOGraphics530.14 (from github)";
			path = IOGraphics530.14;
			sourceTree = "<group>";
		};
		6311E70028630614007B8263 /* GTrace */ = {
			isa = PBXGroup;
			children = (
				6311E70128630614007B8263 /* GTraceTypes.h */,
			);
			path = GTrace;
			sourceTree = "<group>";
		};
		6311E70228630614007B8263 /* iogdiagnose */ = {
			isa = PBXGroup;
			children = (
				6311E70328630614007B8263 /* iogdiagnose.cpp */,
				6311E70428630614007B8263 /* IOGDiagnoseUtils */,
			);
			path = iogdiagnose;
			sourceTree = "<group>";
		};
		6311E70428630614007B8263 /* IOGDiagnoseUtils */ = {
			isa = PBXGroup;
			children = (
				6311E70528630614007B8263 /* IOGDiagnoseUtils.cpp */,
				6311E70628630614007B8263 /* IOGDiagnoseUtils.h */,
			);
			path = IOGDiagnoseUtils;
			sourceTree = "<group>";
		};
		6311E70728630614007B8263 /* IOGraphicsFamily */ = {
			isa = PBXGroup;
			children = (
				6311E70828630614007B8263 /* IOGraphicsDiagnose530.14.h */,
			);
			path = IOGraphicsFamily;
			sourceTree = "<group>";
		};
		6327425E284E63FF0037716C /* sys */ = {
			isa = PBXGroup;
			children = (
				6327425F284E642B0037716C /* kdebug_kernel.h */,
				63274265284E71880037716C /* kdebug_private.h */,
			);
			name = sys;
			path = Versions/A/Headers/sys;
			sourceTree = "<group>";
		};
		63295FF32782F26C00E55E0D = {
			isa = PBXGroup;
			children = (
				63295FFE2782F26C00E55E0D /* AllRez */,
				63295FFD2782F26C00E55E0D /* Products */,
			);
			sourceTree = "<group>";
		};
		63295FFD2782F26C00E55E0D /* Products */ = {
			isa = PBXGroup;
			children = (
				63295FFC2782F26C00E55E0D /* AllRez */,
			);
			name = Products;
			sourceTree = "<group>";
		};
		63295FFE2782F26C00E55E0D /* AllRez */ = {
			isa = PBXGroup;
			children = (
				637AD5F32804621700F86799 /* main.cpp */,
				6340D0BE27994D5300A27077 /* ddccicommands.h */,
				6340D0BD27994D5200A27077 /* vcpcodes.h */,
				6340D0BF2799810F00A27077 /* vcp.h */,
				63400FCA2852CB15000C1A01 /* vcp.cpp */,
				6330A9CD27C14BEB009D9063 /* oui.h */,
				6330A9CE27C14BEB009D9063 /* oui.cpp */,
				6330A9D027C14E2B009D9063 /* dpcd.h */,
				6330A9D127C14E2C009D9063 /* dpcd.cpp */,
				6330A9D327C15244009D9063 /* printf.h */,
				6330A9D427C1529F009D9063 /* printf.cpp */,
				6330A9D827C15F79009D9063 /* utilities.h */,
				6330A9D927C15F7A009D9063 /* utilities.cpp */,
				63A1AC8E283641AE00A17E9D /* iofbdebuguser.cpp */,
				63A1AC8F283641AE00A17E9D /* iofbdebuguser.h */,
				63A1AC9128364B1700A17E9D /* AppleMisc.h */,
				63576DC82837947900FF5764 /* displayport.h */,
				63576DC62837941700FF5764 /* displayport.cpp */,
				63274257284C64DB0037716C /* AGDCDiagnose.h */,
				63274258284C64DB0037716C /* AGDCDiagnose.cpp */,
				63400FAC2852B6D6000C1A01 /* linux (from github) */,
				63400FAB2852B687000C1A01 /* PrivateFrameworks (in macOS System Library) */,
				63400FAA2852B65A000C1A01 /* Frameworks (in MacOSX.sdk) */,
				63400FC62852C8E4000C1A01 /* Kernel.framework  (from MacOSX.sdk Framework) */,
				63400FA72852B5D0000C1A01 /* usr (in MacOSX.sdk) */,
				63400FAD2852B75D000C1A01 /* IOGraphics (from github) */,
				6311E6FF28630614007B8263 /* IOGraphics530.14 (from github) */,
			);
			path = AllRez;
			sourceTree = "<group>";
		};
		633856422848264900362C07 /* IOKit */ = {
			isa = PBXGroup;
			children = (
				6338564B2848270F00362C07 /* graphics */,
				633856432848265100362C07 /* ndrvsupport */,
			);
			name = IOKit;
			path = Versions/A/Headers/IOKit;
			sourceTree = "<group>";
		};
		633856432848265100362C07 /* ndrvsupport */ = {
			isa = PBXGroup;
			children = (
				633856442848265100362C07 /* IOMacOSTypes.h */,
				633856472848265100362C07 /* IOMacOSVideo.h */,
				633856452848265100362C07 /* IONDRVLibraries.h */,
				633856462848265100362C07 /* IONDRVFramebuffer.h */,
				633856482848265100362C07 /* IONDRVSupport.h */,
			);
			path = ndrvsupport;
			sourceTree = "<group>";
		};
		6338564B2848270F00362C07 /* graphics */ = {
			isa = PBXGroup;
			children = (
				63D6691E28126444003F40CE /* IOFramebuffer.h */,
				6338564C2848271F00362C07 /* IOGraphicsDevice.h */,
			);
			path = graphics;
			sourceTree = "<group>";
		};
		63400FA72852B5D0000C1A01 /* usr (in MacOSX.sdk) */ = {
			isa = PBXGroup;
			children = (
				63400FA82852B5EC000C1A01 /* include */,
			);
			name = "usr (in MacOSX.sdk)";
			path = ../MacOSX.sdk/usr;
			sourceTree = SDKROOT;
		};
		63400FA82852B5EC000C1A01 /* include */ = {
			isa = PBXGroup;
			children = (
				6311E6F228586C11007B8263 /* pexpert */,
				63400FA92852B5F4000C1A01 /* sys */,
			);
			path = include;
			sourceTree = "<group>";
		};
		63400FA92852B5F4000C1A01 /* sys */ = {
			isa = PBXGroup;
			children = (
				63274264284E70200037716C /* kdebug.h */,
			);
			path = sys;
			sourceTree = "<group>";
		};
		63400FAA2852B65A000C1A01 /* Frameworks (in MacOSX.sdk) */ = {
			isa = PBXGroup;
			children = (
				6327427E284F16320037716C /* ApplicationServices.framework */,
				63274272284F12950037716C /* CoreDisplay.framework */,
				6327426C284F12230037716C /* CoreFoundation.framework */,
				6327426D284F12230037716C /* CoreGraphics.framework */,
				6340D0B92795674F00A27077 /* CoreGraphics.framework */,
				63274270284F125C0037716C /* IOKit.framework */,
				6340D0BA2795677800A27077 /* IOKit.framework */,
				63400FAE2852B9B6000C1A01 /* Kernel.framework */,
			);
			name = "Frameworks (in MacOSX.sdk)";
			path = ../MacOSX.sdk/System/Library/Frameworks;
			sourceTree = SDKROOT;
		};
		63400FAB2852B687000C1A01 /* PrivateFrameworks (in macOS System Library) */ = {
			isa = PBXGroup;
			children = (
				63274274284F14540037716C /* DisplayServices.framework */,
				63274276284F14650037716C /* SkyLight.framework */,
			);
			name = "PrivateFrameworks (in macOS System Library)";
			path = /System/Library/PrivateFrameworks;
			sourceTree = "<absolute>";
		};
		63400FAC2852B6D6000C1A01 /* linux (from github) */ = {
			isa = PBXGroup;
			children = (
				63FC0D7727A994F200E0A05E /* drivers */,
				63FC0D6F27A5372900E0A05E /* include */,
			);
			name = "linux (from github)";
			path = linux;
			sourceTree = "<group>";
		};
		63400FAD2852B75D000C1A01 /* IOGraphics (from github) */ = {
			isa = PBXGroup;
			children = (
				63400FBD2852BDB1000C1A01 /* iogdiagnose */,
				63400FB12852BDB1000C1A01 /* IOGraphicsFamily */,
			);
			name = "IOGraphics (from github)";
			path = IOGraphics;
			sourceTree = "<group>";
		};
		63400FAE2852B9B6000C1A01 /* Kernel.framework */ = {
			isa = PBXGroup;
			children = (
				633856422848264900362C07 /* IOKit */,
				6327425E284E63FF0037716C /* sys */,
			);
			path = Kernel.framework;
			sourceTree = "<group>";
		};
		63400FB12852BDB1000C1A01 /* IOGraphicsFamily */ = {
			isa = PBXGroup;
			children = (
				63400FB22852BDB1000C1A01 /* IOGraphicsDiagnose.h */,
				63400FB32852BDB1000C1A01 /* IOGraphicsKTrace.h */,
				63400FB42852BDB1000C1A01 /* IOKit */,
				63400FB82852BDB1000C1A01 /* tools */,
			);
			path = IOGraphicsFamily;
			sourceTree = "<group>";
		};
		63400FB42852BDB1000C1A01 /* IOKit */ = {
			isa = PBXGroup;
			children = (
				63400FB52852BDB1000C1A01 /* graphics */,
			);
			path = IOKit;
			sourceTree = "<group>";
		};
		63400FB52852BDB1000C1A01 /* graphics */ = {
			isa = PBXGroup;
			children = (
				63400FB62852BDB1000C1A01 /* GTraceTypes.hpp */,
				63400FB72852BDB1000C1A01 /* IOGraphicsTypesPrivate.h */,
			);
			path = graphics;
			sourceTree = "<group>";
		};
		63400FB82852BDB1000C1A01 /* tools */ = {
			isa = PBXGroup;
			children = (
				63400FB92852BDB1000C1A01 /* Utilities */,
			);
			path = tools;
			sourceTree = "<group>";
		};
		63400FB92852BDB1000C1A01 /* Utilities */ = {
			isa = PBXGroup;
			children = (
				63400FBA2852BDB1000C1A01 /* IOGDiagnoseUtils.cpp */,
				63400FBB2852BDB1000C1A01 /* IOGDiagnoseUtils.hpp */,
				63400FBC2852BDB1000C1A01 /* iokit */,
			);
			path = Utilities;
			sourceTree = "<group>";
		};
		63400FBD2852BDB1000C1A01 /* iogdiagnose */ = {
			isa = PBXGroup;
			children = (
				63400FBE2852BDB1000C1A01 /* iogdiagnose.cpp */,
			);
			path = iogdiagnose;
			sourceTree = "<group>";
		};
		63400FC62852C8E4000C1A01 /* Kernel.framework  (from MacOSX.sdk Framework) */ = {
			isa = PBXGroup;
			children = (
				63400FC72852C8E4000C1A01 /* sys */,
			);
			name = "Kernel.framework  (from MacOSX.sdk Framework)";
			path = Kernel.framework;
			sourceTree = "<group>";
		};
		63400FC72852C8E4000C1A01 /* sys */ = {
			isa = PBXGroup;
			children = (
				63400FC82852C8E4000C1A01 /* kdebug_kernel.h */,
				63400FC92852C8E4000C1A01 /* kdebug_private.h */,
			);
			path = sys;
			sourceTree = "<group>";
		};
		6340D0452795659D00A27077 /* graphics */ = {
			isa = PBXGroup;
			children = (
				6340D04E2795659D00A27077 /* IOAccelClientConnect.h */,
				6340D0472795659D00A27077 /* IOAccelSurfaceConnect.h */,
				6340D04C2795659D00A27077 /* IOAccelTypes.h */,
				6340D04A2795659D00A27077 /* IOFramebufferShared.h */,
				6340D0462795659D00A27077 /* IOGraphicsEngine.h */,
				6340D0482795659D00A27077 /* IOGraphicsInterface.h */,
				6340D04D2795659D00A27077 /* IOGraphicsInterfaceTypes.h */,
				6340D04B2795659D00A27077 /* IOGraphicsLib.h */,
				6340D0492795659D00A27077 /* IOGraphicsTypes.h */,
			);
			name = graphics;
			path = Versions/A/Headers/graphics;
			sourceTree = "<group>";
		};
		6340D04F279565BD00A27077 /* i2c */ = {
			isa = PBXGroup;
			children = (
				6340D050279565BD00A27077 /* IOI2CInterface.h */,
			);
			name = i2c;
			path = Versions/A/Headers/i2c;
			sourceTree = "<group>";
		};
		6340D0512795661500A27077 /* ndrvsupport */ = {
			isa = PBXGroup;
			children = (
				6338564A284826AF00362C07 /* IOMacOSTypes.h */,
				63385649284826AF00362C07 /* IOMacOSVideo.h */,
			);
			name = ndrvsupport;
			path = Versions/A/Headers/ndrvsupport;
			sourceTree = "<group>";
		};
		6340D0B92795674F00A27077 /* CoreGraphics.framework */ = {
			isa = PBXGroup;
			children = (
				6340D0BC279567C300A27077 /* CGDirectDisplay.h */,
				6340D0BB279567C300A27077 /* CGDisplayConfiguration.h */,
			);
			path = CoreGraphics.framework;
			sourceTree = "<group>";
		};
		6340D0BA2795677800A27077 /* IOKit.framework */ = {
			isa = PBXGroup;
			children = (
				63FC0D6B27A0077F00E0A05E /* IOKitLib.h */,
				6311E6F32858752B007B8263 /* IOMessage.h */,
				63FC0D6A27A0075400E0A05E /* IOReturn.h */,
				6340D0512795661500A27077 /* ndrvsupport */,
				6340D0452795659D00A27077 /* graphics */,
				6340D04F279565BD00A27077 /* i2c */,
				6311E6EB2856F8F6007B8263 /* pwr_mgt */,
			);
			path = IOKit.framework;
			sourceTree = "<group>";
		};
		63594C102831D01B0085510F /* display */ = {
			isa = PBXGroup;
			children = (
				6311E70C2863F90A007B8263 /* drm_dp.h */,
				6311E70B2863F90A007B8263 /* drm_hdcp.h */,
				63594C112831D01B0085510F /* drm_dp_helper.h */,
			);
			path = display;
			sourceTree = "<group>";
		};
		63FC0D6F27A5372900E0A05E /* include */ = {
			isa = PBXGroup;
			children = (
				63FC0D7027A5372900E0A05E /* drm */,
				63FC0D7327A5372900E0A05E /* linux */,
			);
			path = include;
			sourceTree = "<group>";
		};
		63FC0D7027A5372900E0A05E /* drm */ = {
			isa = PBXGroup;
			children = (
				63594C102831D01B0085510F /* display */,
			);
			path = drm;
			sourceTree = "<group>";
		};
		63FC0D7327A5372900E0A05E /* linux */ = {
			isa = PBXGroup;
			children = (
				63FC0D7627A5372900E0A05E /* types.h */,
			);
			path = linux;
			sourceTree = "<group>";
		};
		63FC0D7727A994F200E0A05E /* drivers */ = {
			isa = PBXGroup;
			children = (
				63FC0D7827A994F200E0A05E /* gpu */,
			);
			path = drivers;
			sourceTree = "<group>";
		};
		63FC0D7827A994F200E0A05E /* gpu */ = {
			isa = PBXGroup;
			children = (
				63FC0D7927A994F200E0A05E /* drm */,
			);
			path = gpu;
			sourceTree = "<group>";
		};
		63FC0D7927A994F200E0A05E /* drm */ = {
			isa = PBXGroup;
			children = (
				63FC0D7A27A994F200E0A05E /* amd */,
			);
			path = drm;
			sourceTree = "<group>";
		};
		63FC0D7A27A994F200E0A05E /* amd */ = {
			isa = PBXGroup;
			children = (
				63FC0D7B27A994F200E0A05E /* display */,
			);
			path = amd;
			sourceTree = "<group>";
		};
		63FC0D7B27A994F200E0A05E /* display */ = {
			isa = PBXGroup;
			children = (
				63FC0D7C27A994F200E0A05E /* include */,
			);
			path = display;
			sourceTree = "<group>";
		};
		63FC0D7C27A994F200E0A05E /* include */ = {
			isa = PBXGroup;
			children = (
				63FC0D7D27A994F200E0A05E /* dpcd_defs.h */,
			);
			path = include;
			sourceTree = "<group>";
		};
/* End PBXGroup section */

/* Begin PBXNativeTarget section */
		63295FFB2782F26C00E55E0D /* AllRez */ = {
			isa = PBXNativeTarget;
			buildConfigurationList = 632960032782F26C00E55E0D /* Build configuration list for PBXNativeTarget "AllRez" */;
			buildPhases = (
				63295FF82782F26C00E55E0D /* Sources */,
				63295FF92782F26C00E55E0D /* Frameworks */,
				63295FFA2782F26C00E55E0D /* CopyFiles */,
			);
			buildRules = (
			);
			dependencies = (
			);
			name = AllRez;
			productName = AllRez;
			productReference = 63295FFC2782F26C00E55E0D /* AllRez */;
			productType = "com.apple.product-type.tool";
		};
/* End PBXNativeTarget section */

/* Begin PBXProject section */
		63295FF42782F26C00E55E0D /* Project object */ = {
			isa = PBXProject;
			attributes = {
				BuildIndependentTargetsInParallel = 1;
				LastUpgradeCheck = 1320;
				TargetAttributes = {
					63295FFB2782F26C00E55E0D = {
						CreatedOnToolsVersion = 13.2.1;
					};
				};
			};
			buildConfigurationList = 63295FF72782F26C00E55E0D /* Build configuration list for PBXProject "AllRez" */;
			compatibilityVersion = "Xcode 13.0";
			developmentRegion = en;
			hasScannedForEncodings = 0;
			knownRegions = (
				en,
				Base,
			);
			mainGroup = 63295FF32782F26C00E55E0D;
			productRefGroup = 63295FFD2782F26C00E55E0D /* Products */;
			projectDirPath = "";
			projectRoot = "";
			targets = (
				63295FFB2782F26C00E55E0D /* AllRez */,
			);
		};
/* End PBXProject section */

/* Begin PBXSourcesBuildPhase section */
		63295FF82782F26C00E55E0D /* Sources */ = {
			isa = PBXSourcesBuildPhase;
			buildActionMask = 2147483647;
			files = (
				63A1AC90283641AE00A17E9D /* iofbdebuguser.cpp in Sources */,
				6330A9DA27C15F7A009D9063 /* utilities.cpp in Sources */,
				63400FCB2852CB15000C1A01 /* vcp.cpp in Sources */,
				6330A9D527C1529F009D9063 /* printf.cpp in Sources */,
				6330A9D227C14E2C009D9063 /* dpcd.cpp in Sources */,
				6311E70928630614007B8263 /* iogdiagnose.cpp in Sources */,
				63400FC02852BDE8000C1A01 /* IOGDiagnoseUtils.cpp in Sources */,
				63576DC72837941700FF5764 /* displayport.cpp in Sources */,
				63400FBF2852BDD3000C1A01 /* iogdiagnose.cpp in Sources */,
				6311E70A28630614007B8263 /* IOGDiagnoseUtils.cpp in Sources */,
				637AD5F42804621700F86799 /* main.cpp in Sources */,
				6330A9CF27C14BEB009D9063 /* oui.cpp in Sources */,
				63274259284C64DC0037716C /* AGDCDiagnose.cpp in Sources */,
			);
			runOnlyForDeploymentPostprocessing = 0;
		};
/* End PBXSourcesBuildPhase section */

/* Begin XCBuildConfiguration section */
		632960012782F26C00E55E0D /* Debug */ = {
			isa = XCBuildConfiguration;
			buildSettings = {
				ALWAYS_SEARCH_USER_PATHS = YES;
				CLANG_ANALYZER_NONNULL = YES;
				CLANG_ANALYZER_NUMBER_OBJECT_CONVERSION = YES_AGGRESSIVE;
				CLANG_CXX_LANGUAGE_STANDARD = "gnu++17";
				CLANG_CXX_LIBRARY = "libc++";
				CLANG_ENABLE_MODULES = YES;
				CLANG_ENABLE_OBJC_ARC = YES;
				CLANG_ENABLE_OBJC_WEAK = YES;
				CLANG_WARN_BLOCK_CAPTURE_AUTORELEASING = YES;
				CLANG_WARN_BOOL_CONVERSION = YES;
				CLANG_WARN_COMMA = YES;
				CLANG_WARN_CONSTANT_CONVERSION = YES;
				CLANG_WARN_DEPRECATED_OBJC_IMPLEMENTATIONS = YES;
				CLANG_WARN_DIRECT_OBJC_ISA_USAGE = YES_ERROR;
				CLANG_WARN_DOCUMENTATION_COMMENTS = YES;
				CLANG_WARN_EMPTY_BODY = YES;
				CLANG_WARN_ENUM_CONVERSION = YES;
				CLANG_WARN_INFINITE_RECURSION = YES;
				CLANG_WARN_INT_CONVERSION = YES;
				CLANG_WARN_NON_LITERAL_NULL_CONVERSION = YES;
				CLANG_WARN_OBJC_IMPLICIT_RETAIN_SELF = YES;
				CLANG_WARN_OBJC_LITERAL_CONVERSION = YES;
				CLANG_WARN_OBJC_ROOT_CLASS = YES_ERROR;
				CLANG_WARN_QUOTED_INCLUDE_IN_FRAMEWORK_HEADER = YES;
				CLANG_WARN_RANGE_LOOP_ANALYSIS = YES;
				CLANG_WARN_STRICT_PROTOTYPES = YES;
				CLANG_WARN_SUSPICIOUS_MOVE = YES;
				CLANG_WARN_UNGUARDED_AVAILABILITY = YES_AGGRESSIVE;
				CLANG_WARN_UNREACHABLE_CODE = YES;
				CLANG_WARN__DUPLICATE_METHOD_MATCH = YES;
				COPY_PHASE_STRIP = NO;
				DEBUG_INFORMATION_FORMAT = "dwarf-with-dsym";
				ENABLE_STRICT_OBJC_MSGSEND = YES;
				ENABLE_TESTABILITY = YES;
				EXPORTED_SYMBOLS_FILE = "";
				GCC_C_LANGUAGE_STANDARD = gnu11;
				GCC_DYNAMIC_NO_PIC = NO;
				GCC_NO_COMMON_BLOCKS = YES;
				GCC_OPTIMIZATION_LEVEL = 0;
				GCC_PREPROCESSOR_DEFINITIONS = (
					"DEBUG=1",
					"$(inherited)",
				);
				GCC_WARN_64_TO_32_BIT_CONVERSION = YES;
				GCC_WARN_ABOUT_RETURN_TYPE = YES_ERROR;
				GCC_WARN_UNDECLARED_SELECTOR = YES;
				GCC_WARN_UNINITIALIZED_AUTOS = YES_AGGRESSIVE;
				GCC_WARN_UNUSED_FUNCTION = YES;
				GCC_WARN_UNUSED_VARIABLE = YES;
				MACOSX_DEPLOYMENT_TARGET = 10.9;
				MTL_ENABLE_DEBUG_INFO = INCLUDE_SOURCE;
				MTL_FAST_MATH = YES;
				ONLY_ACTIVE_ARCH = YES;
				OTHER_CFLAGS = "";
				SDKROOT = macosx;
				SYSTEM_FRAMEWORK_SEARCH_PATHS = "";
				SYSTEM_HEADER_SEARCH_PATHS = (
					"${SRCROOT}/AllRez/linux/include/",
					"${SRCROOT}/AllRez/Kernel.framework/",
				);
				USER_HEADER_SEARCH_PATHS = (
					"${SRCROOT}/AllRez/linux/drivers/gpu/drm/amd/display/**",
					"${SRCROOT}/AllRez/IOGraphics/IOGraphicsFamily",
					"${SRCROOT}/AllRez/IOGraphics/IOGraphicsFamily/tools/Utilities",
				);
			};
			name = Debug;
		};
		632960022782F26C00E55E0D /* Release */ = {
			isa = XCBuildConfiguration;
			buildSettings = {
				ALWAYS_SEARCH_USER_PATHS = YES;
				CLANG_ANALYZER_NONNULL = YES;
				CLANG_ANALYZER_NUMBER_OBJECT_CONVERSION = YES_AGGRESSIVE;
				CLANG_CXX_LANGUAGE_STANDARD = "gnu++17";
				CLANG_CXX_LIBRARY = "libc++";
				CLANG_ENABLE_MODULES = YES;
				CLANG_ENABLE_OBJC_ARC = YES;
				CLANG_ENABLE_OBJC_WEAK = YES;
				CLANG_WARN_BLOCK_CAPTURE_AUTORELEASING = YES;
				CLANG_WARN_BOOL_CONVERSION = YES;
				CLANG_WARN_COMMA = YES;
				CLANG_WARN_CONSTANT_CONVERSION = YES;
				CLANG_WARN_DEPRECATED_OBJC_IMPLEMENTATIONS = YES;
				CLANG_WARN_DIRECT_OBJC_ISA_USAGE = YES_ERROR;
				CLANG_WARN_DOCUMENTATION_COMMENTS = YES;
				CLANG_WARN_EMPTY_BODY = YES;
				CLANG_WARN_ENUM_CONVERSION = YES;
				CLANG_WARN_INFINITE_RECURSION = YES;
				CLANG_WARN_INT_CONVERSION = YES;
				CLANG_WARN_NON_LITERAL_NULL_CONVERSION = YES;
				CLANG_WARN_OBJC_IMPLICIT_RETAIN_SELF = YES;
				CLANG_WARN_OBJC_LITERAL_CONVERSION = YES;
				CLANG_WARN_OBJC_ROOT_CLASS = YES_ERROR;
				CLANG_WARN_QUOTED_INCLUDE_IN_FRAMEWORK_HEADER = YES;
				CLANG_WARN_RANGE_LOOP_ANALYSIS = YES;
				CLANG_WARN_STRICT_PROTOTYPES = YES;
				CLANG_WARN_SUSPICIOUS_MOVE = YES;
				CLANG_WARN_UNGUARDED_AVAILABILITY = YES_AGGRESSIVE;
				CLANG_WARN_UNREACHABLE_CODE = YES;
				CLANG_WARN__DUPLICATE_METHOD_MATCH = YES;
				COPY_PHASE_STRIP = NO;
				DEBUG_INFORMATION_FORMAT = "dwarf-with-dsym";
				ENABLE_NS_ASSERTIONS = NO;
				ENABLE_STRICT_OBJC_MSGSEND = YES;
				EXPORTED_SYMBOLS_FILE = "";
				GCC_C_LANGUAGE_STANDARD = gnu11;
				GCC_NO_COMMON_BLOCKS = YES;
				GCC_WARN_64_TO_32_BIT_CONVERSION = YES;
				GCC_WARN_ABOUT_RETURN_TYPE = YES_ERROR;
				GCC_WARN_UNDECLARED_SELECTOR = YES;
				GCC_WARN_UNINITIALIZED_AUTOS = YES_AGGRESSIVE;
				GCC_WARN_UNUSED_FUNCTION = YES;
				GCC_WARN_UNUSED_VARIABLE = YES;
				MACOSX_DEPLOYMENT_TARGET = 10.9;
				MTL_ENABLE_DEBUG_INFO = NO;
				MTL_FAST_MATH = YES;
				OTHER_CFLAGS = "";
				SDKROOT = macosx;
				SYSTEM_FRAMEWORK_SEARCH_PATHS = "";
				SYSTEM_HEADER_SEARCH_PATHS = (
					"${SRCROOT}/AllRez/linux/include/",
					"${SRCROOT}/AllRez/Kernel.framework/",
				);
				USER_HEADER_SEARCH_PATHS = (
					"${SRCROOT}/AllRez/linux/drivers/gpu/drm/amd/display/**",
					"${SRCROOT}/AllRez/IOGraphics/IOGraphicsFamily",
					"${SRCROOT}/AllRez/IOGraphics/IOGraphicsFamily/tools/Utilities",
				);
			};
			name = Release;
		};
		632960042782F26C00E55E0D /* Debug */ = {
			isa = XCBuildConfiguration;
			buildSettings = {
				CODE_SIGN_STYLE = Automatic;
				FRAMEWORK_SEARCH_PATHS = (
					"$(inherited)",
					"$(PROJECT_DIR)/AllRez",
				);
				PRODUCT_NAME = "$(TARGET_NAME)";
				SYSTEM_FRAMEWORK_SEARCH_PATHS = (
					"$(inherited)",
					"$(SYSTEM_LIBRARY_DIR)/PrivateFrameworks",
				);
			};
			name = Debug;
		};
		632960052782F26C00E55E0D /* Release */ = {
			isa = XCBuildConfiguration;
			buildSettings = {
				CODE_SIGN_STYLE = Automatic;
				FRAMEWORK_SEARCH_PATHS = (
					"$(inherited)",
					"$(PROJECT_DIR)/AllRez",
				);
				PRODUCT_NAME = "$(TARGET_NAME)";
				SYSTEM_FRAMEWORK_SEARCH_PATHS = (
					"$(inherited)",
					"$(SYSTEM_LIBRARY_DIR)/PrivateFrameworks",
				);
			};
			name = Release;
		};
/* End XCBuildConfiguration section */

/* Begin XCConfigurationList section */
		63295FF72782F26C00E55E0D /* Build configuration list for PBXProject "AllRez" */ = {
			isa = XCConfigurationList;
			buildConfigurations = (
				632960012782F26C00E55E0D /* Debug */,
				632960022782F26C00E55E0D /* Release */,
			);
			defaultConfigurationIsVisible = 0;
			defaultConfigurationName = Release;
		};
		632960032782F26C00E55E0D /* Build configuration list for PBXNativeTarget "AllRez" */ = {
			isa = XCConfigurationList;
			buildConfigurations = (
				632960042782F26C00E55E0D /* Debug */,
				632960052782F26C00E55E0D /* Release */,
			);
			defaultConfigurationIsVisible = 0;
			defaultConfigurationName = Release;
		};
/* End XCConfigurationList section */
	};
	rootObject = 63295FF42782F26C00E55E0D /* Project object */;
}
